// !$*UTF8*$!
{
	archiveVersion = 1;
	classes = {
	};
	objectVersion = 77;
	objects = {

/* Begin PBXBuildFile section */
		FC116B732F69131000111870 /* DEVELOPMENT.md in Resources */ = {isa = PBXBuildFile; fileRef = FC116B722F69131000111870 /* DEVELOPMENT.md */; };
		FC116B752F69131700111870 /* README.md in Resources */ = {isa = PBXBuildFile; fileRef = FC116B742F69131700111870 /* README.md */; };
		FC1E89F72F681CC2008CAC25 /* Localizable.xcstrings in Resources */ = {isa = PBXBuildFile; fileRef = FC1E89F62F681CC2008CAC25 /* Localizable.xcstrings */; };
		FC1E89FA2F68236A008CAC25 /* KakaoImageSearchEndpoint.swift in Sources */ = {isa = PBXBuildFile; fileRef = FC1E89F82F68236A008CAC25 /* KakaoImageSearchEndpoint.swift */; };
		FC1E89FC2F6823DE008CAC25 /* KakaoAPIKey.swift in Sources */ = {isa = PBXBuildFile; fileRef = FC1E89FB2F6823DE008CAC25 /* KakaoAPIKey.swift */; };
		FC1E89FE2F6826AC008CAC25 /* MainViewModel.swift in Sources */ = {isa = PBXBuildFile; fileRef = FC1E89FD2F6826AC008CAC25 /* MainViewModel.swift */; };
		FC1E8A032F6826B2008CAC25 /* EmptyStateView.swift in Sources */ = {isa = PBXBuildFile; fileRef = FC1E8A002F6826B2008CAC25 /* EmptyStateView.swift */; };
		FC1E8A042F6826B2008CAC25 /* BookmarkButton.swift in Sources */ = {isa = PBXBuildFile; fileRef = FC1E89FF2F6826B2008CAC25 /* BookmarkButton.swift */; };
		FC1E8A052F6826B2008CAC25 /* SearchBar.swift in Sources */ = {isa = PBXBuildFile; fileRef = FC1E8A012F6826B2008CAC25 /* SearchBar.swift */; };
		FC1E8A082F6826B8008CAC25 /* BookmarkViewModel.swift in Sources */ = {isa = PBXBuildFile; fileRef = FC1E8A062F6826B8008CAC25 /* BookmarkViewModel.swift */; };
		FC1E8A0B2F6826C5008CAC25 /* SearchViewModel.swift in Sources */ = {isa = PBXBuildFile; fileRef = FC1E8A092F6826C5008CAC25 /* SearchViewModel.swift */; };
		FC1E8A0D2F682759008CAC25 /* MainView.swift in Sources */ = {isa = PBXBuildFile; fileRef = FC1E8A0C2F682759008CAC25 /* MainView.swift */; };
		FC1E8A0F2F682768008CAC25 /* SearchView.swift in Sources */ = {isa = PBXBuildFile; fileRef = FC1E8A0E2F682768008CAC25 /* SearchView.swift */; };
		FC1E8A112F68276E008CAC25 /* SearchResultItemView.swift in Sources */ = {isa = PBXBuildFile; fileRef = FC1E8A102F68276E008CAC25 /* SearchResultItemView.swift */; };
		FC1E8A132F6827B0008CAC25 /* BookmarkView.swift in Sources */ = {isa = PBXBuildFile; fileRef = FC1E8A122F6827B0008CAC25 /* BookmarkView.swift */; };
		FC75FCDF2F6A9BA400A90DC0 /* BookmarkStore.swift in Sources */ = {isa = PBXBuildFile; fileRef = FC75FCDD2F6A9BA400A90DC0 /* BookmarkStore.swift */; };
		FC75FD002F6A9C4E00A90DC0 /* CachedAsyncImage.swift in Sources */ = {isa = PBXBuildFile; fileRef = FC75FCF42F6A9C4E00A90DC0 /* CachedAsyncImage.swift */; };
		FC75FD012F6A9C4E00A90DC0 /* AppLogger.swift in Sources */ = {isa = PBXBuildFile; fileRef = FC75FCF82F6A9C4E00A90DC0 /* AppLogger.swift */; };
		FC75FD022F6A9C4E00A90DC0 /* NetworkError.swift in Sources */ = {isa = PBXBuildFile; fileRef = FC75FCFB2F6A9C4E00A90DC0 /* NetworkError.swift */; };
		FC75FD032F6A9C4E00A90DC0 /* ImageCache.swift in Sources */ = {isa = PBXBuildFile; fileRef = FC75FCF52F6A9C4E00A90DC0 /* ImageCache.swift */; };
		FC75FD042F6A9C4E00A90DC0 /* L10n.swift in Sources */ = {isa = PBXBuildFile; fileRef = FC75FCFE2F6A9C4E00A90DC0 /* L10n.swift */; };
		FC75FD052F6A9C4E00A90DC0 /* NetworkService.swift in Sources */ = {isa = PBXBuildFile; fileRef = FC75FCFC2F6A9C4E00A90DC0 /* NetworkService.swift */; };
		FC75FD062F6A9C4E00A90DC0 /* ImageDownloader.swift in Sources */ = {isa = PBXBuildFile; fileRef = FC75FCF62F6A9C4E00A90DC0 /* ImageDownloader.swift */; };
		FC75FD072F6A9C4E00A90DC0 /* APIEndpoint.swift in Sources */ = {isa = PBXBuildFile; fileRef = FC75FCFA2F6A9C4E00A90DC0 /* APIEndpoint.swift */; };
		FCCC21242F698EAC00363054 /* KakaoAPIKey.swift.example in Resources */ = {isa = PBXBuildFile; fileRef = FCCC21232F698EAC00363054 /* KakaoAPIKey.swift.example */; };
		FCCC21252F699A0000363054 /* ToastView.swift in Sources */ = {isa = PBXBuildFile; fileRef = FCCC21262F699A0000363054 /* ToastView.swift */; };
		FCCD76D62F680C880081FC81 /* KakaoSearchResponseDTO.swift in Sources */ = {isa = PBXBuildFile; fileRef = FCCD76D52F680C880081FC81 /* KakaoSearchResponseDTO.swift */; };
		FCCD76D82F680C970081FC81 /* DefaultImageSearchRepository.swift in Sources */ = {isa = PBXBuildFile; fileRef = FCCD76D72F680C970081FC81 /* DefaultImageSearchRepository.swift */; };
		FCCD76DA2F680CA50081FC81 /* DefaultBookmarkRepository.swift in Sources */ = {isa = PBXBuildFile; fileRef = FCCD76D92F680CA50081FC81 /* DefaultBookmarkRepository.swift */; };
		FCCD76DC2F680CB20081FC81 /* BookmarkStorage.swift in Sources */ = {isa = PBXBuildFile; fileRef = FCCD76DB2F680CB20081FC81 /* BookmarkStorage.swift */; };
		FCCD76EB2F680D710081FC81 /* BookmarkRepository.swift in Sources */ = {isa = PBXBuildFile; fileRef = FCCD76E42F680D710081FC81 /* BookmarkRepository.swift */; };
		FCCD76EC2F680D710081FC81 /* ImageItem.swift in Sources */ = {isa = PBXBuildFile; fileRef = FCCD76E22F680D710081FC81 /* ImageItem.swift */; };
		FCCD76ED2F680D710081FC81 /* SearchImageUseCase.swift in Sources */ = {isa = PBXBuildFile; fileRef = FCCD76E82F680D710081FC81 /* SearchImageUseCase.swift */; };
		FCCD76EE2F680D710081FC81 /* ManageBookmarkUseCase.swift in Sources */ = {isa = PBXBuildFile; fileRef = FCCD76E72F680D710081FC81 /* ManageBookmarkUseCase.swift */; };
		FCCD76EF2F680D710081FC81 /* ImageSearchRepository.swift in Sources */ = {isa = PBXBuildFile; fileRef = FCCD76E52F680D710081FC81 /* ImageSearchRepository.swift */; };
		FCCD77052F680D9B0081FC81 /* KakaoImageSearchApp.swift in Sources */ = {isa = PBXBuildFile; fileRef = FCCD77032F680D9B0081FC81 /* KakaoImageSearchApp.swift */; };
		FCCD77262F68183F0081FC81 /* SceneDelegate.swift in Sources */ = {isa = PBXBuildFile; fileRef = FCCD770D2F680E070081FC81 /* SceneDelegate.swift */; };
		FCCD77282F68185E0081FC81 /* LaunchScreen.storyboard in Resources */ = {isa = PBXBuildFile; fileRef = FCCD770A2F680E070081FC81 /* LaunchScreen.storyboard */; };
		FCCD772A2F68186F0081FC81 /* Assets.xcassets in Resources */ = {isa = PBXBuildFile; fileRef = FCCD77072F680E070081FC81 /* Assets.xcassets */; };
		FCCD772B2F6818750081FC81 /* AppDelegate.swift in Sources */ = {isa = PBXBuildFile; fileRef = FCCD77062F680E070081FC81 /* AppDelegate.swift */; };
		FC3203202F7C000000A90DC0 /* ImageLoadingProtocol.swift in Sources */ = {isa = PBXBuildFile; fileRef = FC3203212F7C000000A90DC0 /* ImageLoadingProtocol.swift */; };
		FC3203222F7C000000A90DC0 /* ImageDownloaderEnvironment.swift in Sources */ = {isa = PBXBuildFile; fileRef = FC3203232F7C000000A90DC0 /* ImageDownloaderEnvironment.swift */; };
		FC3203262F7C000100A90DC0 /* NetworkProtocol.swift in Sources */ = {isa = PBXBuildFile; fileRef = FC3203272F7C000100A90DC0 /* NetworkProtocol.swift */; };
		FC3203282F7C000200A90DC0 /* DataLogger.swift in Sources */ = {isa = PBXBuildFile; fileRef = FC3203292F7C000200A90DC0 /* DataLogger.swift */; };
		FC32032A2F7C000200A90DC0 /* PresentationLogger.swift in Sources */ = {isa = PBXBuildFile; fileRef = FC32032B2F7C000200A90DC0 /* PresentationLogger.swift */; };
/* End PBXBuildFile section */

/* Begin PBXContainerItemProxy section */
		FCCD76832F680A850081FC81 /* PBXContainerItemProxy */ = {
			isa = PBXContainerItemProxy;
			containerPortal = FCCD76642F680A840081FC81 /* Project object */;
			proxyType = 1;
			remoteGlobalIDString = FCCD766B2F680A840081FC81;
			remoteInfo = KakaoImageSearch;
		};
		FCCD768D2F680A850081FC81 /* PBXContainerItemProxy */ = {
			isa = PBXContainerItemProxy;
			containerPortal = FCCD76642F680A840081FC81 /* Project object */;
			proxyType = 1;
			remoteGlobalIDString = FCCD766B2F680A840081FC81;
			remoteInfo = KakaoImageSearch;
		};
/* End PBXContainerItemProxy section */

/* Begin PBXFileReference section */
		FC116B722F69131000111870 /* DEVELOPMENT.md */ = {isa = PBXFileReference; lastKnownFileType = net.daringfireball.markdown; path = DEVELOPMENT.md; sourceTree = "<group>"; };
		FC116B742F69131700111870 /* README.md */ = {isa = PBXFileReference; lastKnownFileType = net.daringfireball.markdown; path = README.md; sourceTree = "<group>"; };
		FC1E89F62F681CC2008CAC25 /* Localizable.xcstrings */ = {isa = PBXFileReference; lastKnownFileType = text.json.xcstrings; path = Localizable.xcstrings; sourceTree = "<group>"; };
		FC1E89F82F68236A008CAC25 /* KakaoImageSearchEndpoint.swift */ = {isa = PBXFileReference; lastKnownFileType = sourcecode.swift; path = KakaoImageSearchEndpoint.swift; sourceTree = "<group>"; };
		FC1E89FB2F6823DE008CAC25 /* KakaoAPIKey.swift */ = {isa = PBXFileReference; lastKnownFileType = sourcecode.swift; path = KakaoAPIKey.swift; sourceTree = "<group>"; };
		FC1E89FD2F6826AC008CAC25 /* MainViewModel.swift */ = {isa = PBXFileReference; lastKnownFileType = sourcecode.swift; path = MainViewModel.swift; sourceTree = "<group>"; };
		FC1E89FF2F6826B2008CAC25 /* BookmarkButton.swift */ = {isa = PBXFileReference; lastKnownFileType = sourcecode.swift; path = BookmarkButton.swift; sourceTree = "<group>"; };
		FC1E8A002F6826B2008CAC25 /* EmptyStateView.swift */ = {isa = PBXFileReference; lastKnownFileType = sourcecode.swift; path = EmptyStateView.swift; sourceTree = "<group>"; };
		FC1E8A012F6826B2008CAC25 /* SearchBar.swift */ = {isa = PBXFileReference; lastKnownFileType = sourcecode.swift; path = SearchBar.swift; sourceTree = "<group>"; };
		FC1E8A062F6826B8008CAC25 /* BookmarkViewModel.swift */ = {isa = PBXFileReference; lastKnownFileType = sourcecode.swift; path = BookmarkViewModel.swift; sourceTree = "<group>"; };
		FC1E8A092F6826C5008CAC25 /* SearchViewModel.swift */ = {isa = PBXFileReference; lastKnownFileType = sourcecode.swift; path = SearchViewModel.swift; sourceTree = "<group>"; };
		FC1E8A0C2F682759008CAC25 /* MainView.swift */ = {isa = PBXFileReference; lastKnownFileType = sourcecode.swift; path = MainView.swift; sourceTree = "<group>"; };
		FC1E8A0E2F682768008CAC25 /* SearchView.swift */ = {isa = PBXFileReference; lastKnownFileType = sourcecode.swift; path = SearchView.swift; sourceTree = "<group>"; };
		FC1E8A102F68276E008CAC25 /* SearchResultItemView.swift */ = {isa = PBXFileReference; lastKnownFileType = sourcecode.swift; path = SearchResultItemView.swift; sourceTree = "<group>"; };
		FC1E8A122F6827B0008CAC25 /* BookmarkView.swift */ = {isa = PBXFileReference; lastKnownFileType = sourcecode.swift; path = BookmarkView.swift; sourceTree = "<group>"; };
		FC75FCDD2F6A9BA400A90DC0 /* BookmarkStore.swift */ = {isa = PBXFileReference; lastKnownFileType = sourcecode.swift; path = BookmarkStore.swift; sourceTree = "<group>"; };
		FC75FCF42F6A9C4E00A90DC0 /* CachedAsyncImage.swift */ = {isa = PBXFileReference; lastKnownFileType = sourcecode.swift; path = CachedAsyncImage.swift; sourceTree = "<group>"; };
		FC75FCF52F6A9C4E00A90DC0 /* ImageCache.swift */ = {isa = PBXFileReference; lastKnownFileType = sourcecode.swift; path = ImageCache.swift; sourceTree = "<group>"; };
		FC75FCF62F6A9C4E00A90DC0 /* ImageDownloader.swift */ = {isa = PBXFileReference; lastKnownFileType = sourcecode.swift; path = ImageDownloader.swift; sourceTree = "<group>"; };
		FC75FCF82F6A9C4E00A90DC0 /* AppLogger.swift */ = {isa = PBXFileReference; lastKnownFileType = sourcecode.swift; path = AppLogger.swift; sourceTree = "<group>"; };
		FC75FCFA2F6A9C4E00A90DC0 /* APIEndpoint.swift */ = {isa = PBXFileReference; lastKnownFileType = sourcecode.swift; path = APIEndpoint.swift; sourceTree = "<group>"; };
		FC75FCFB2F6A9C4E00A90DC0 /* NetworkError.swift */ = {isa = PBXFileReference; lastKnownFileType = sourcecode.swift; path = NetworkError.swift; sourceTree = "<group>"; };
		FC75FCFC2F6A9C4E00A90DC0 /* NetworkService.swift */ = {isa = PBXFileReference; lastKnownFileType = sourcecode.swift; path = NetworkService.swift; sourceTree = "<group>"; };
		FC75FCFE2F6A9C4E00A90DC0 /* L10n.swift */ = {isa = PBXFileReference; lastKnownFileType = sourcecode.swift; path = L10n.swift; sourceTree = "<group>"; };
		FCCC21232F698EAC00363054 /* KakaoAPIKey.swift.example */ = {isa = PBXFileReference; lastKnownFileType = text; path = KakaoAPIKey.swift.example; sourceTree = "<group>"; };
		FCCC21262F699A0000363054 /* ToastView.swift */ = {isa = PBXFileReference; lastKnownFileType = sourcecode.swift; path = ToastView.swift; sourceTree = "<group>"; };
		FCCD766C2F680A840081FC81 /* KakaoImageSearch.app */ = {isa = PBXFileReference; explicitFileType = wrapper.application; includeInIndex = 0; path = KakaoImageSearch.app; sourceTree = BUILT_PRODUCTS_DIR; };
		FCCD76822F680A850081FC81 /* KakaoImageSearchTests.xctest */ = {isa = PBXFileReference; explicitFileType = wrapper.cfbundle; includeInIndex = 0; path = KakaoImageSearchTests.xctest; sourceTree = BUILT_PRODUCTS_DIR; };
		FCCD768C2F680A850081FC81 /* KakaoImageSearchUITests.xctest */ = {isa = PBXFileReference; explicitFileType = wrapper.cfbundle; includeInIndex = 0; path = KakaoImageSearchUITests.xctest; sourceTree = BUILT_PRODUCTS_DIR; };
		FCCD76D52F680C880081FC81 /* KakaoSearchResponseDTO.swift */ = {isa = PBXFileReference; lastKnownFileType = sourcecode.swift; path = KakaoSearchResponseDTO.swift; sourceTree = "<group>"; };
		FCCD76D72F680C970081FC81 /* DefaultImageSearchRepository.swift */ = {isa = PBXFileReference; lastKnownFileType = sourcecode.swift; path = DefaultImageSearchRepository.swift; sourceTree = "<group>"; };
		FCCD76D92F680CA50081FC81 /* DefaultBookmarkRepository.swift */ = {isa = PBXFileReference; lastKnownFileType = sourcecode.swift; path = DefaultBookmarkRepository.swift; sourceTree = "<group>"; };
		FCCD76DB2F680CB20081FC81 /* BookmarkStorage.swift */ = {isa = PBXFileReference; lastKnownFileType = sourcecode.swift; path = BookmarkStorage.swift; sourceTree = "<group>"; };
		FCCD76E22F680D710081FC81 /* ImageItem.swift */ = {isa = PBXFileReference; lastKnownFileType = sourcecode.swift; path = ImageItem.swift; sourceTree = "<group>"; };
		FCCD76E42F680D710081FC81 /* BookmarkRepository.swift */ = {isa = PBXFileReference; lastKnownFileType = sourcecode.swift; path = BookmarkRepository.swift; sourceTree = "<group>"; };
		FCCD76E52F680D710081FC81 /* ImageSearchRepository.swift */ = {isa = PBXFileReference; lastKnownFileType = sourcecode.swift; path = ImageSearchRepository.swift; sourceTree = "<group>"; };
		FCCD76E72F680D710081FC81 /* ManageBookmarkUseCase.swift */ = {isa = PBXFileReference; lastKnownFileType = sourcecode.swift; path = ManageBookmarkUseCase.swift; sourceTree = "<group>"; };
		FCCD76E82F680D710081FC81 /* SearchImageUseCase.swift */ = {isa = PBXFileReference; lastKnownFileType = sourcecode.swift; path = SearchImageUseCase.swift; sourceTree = "<group>"; };
		FCCD77032F680D9B0081FC81 /* KakaoImageSearchApp.swift */ = {isa = PBXFileReference; lastKnownFileType = sourcecode.swift; path = KakaoImageSearchApp.swift; sourceTree = "<group>"; };
		FCCD77062F680E070081FC81 /* AppDelegate.swift */ = {isa = PBXFileReference; lastKnownFileType = sourcecode.swift; path = AppDelegate.swift; sourceTree = "<group>"; };
		FCCD77072F680E070081FC81 /* Assets.xcassets */ = {isa = PBXFileReference; lastKnownFileType = folder.assetcatalog; path = Assets.xcassets; sourceTree = "<group>"; };
		FCCD77082F680E070081FC81 /* Info.plist */ = {isa = PBXFileReference; lastKnownFileType = text.plist.xml; path = Info.plist; sourceTree = "<group>"; };
		FCCD77092F680E070081FC81 /* Base */ = {isa = PBXFileReference; lastKnownFileType = file.storyboard; name = Base; path = Base.lproj/LaunchScreen.storyboard; sourceTree = "<group>"; };
		FCCD770D2F680E070081FC81 /* SceneDelegate.swift */ = {isa = PBXFileReference; lastKnownFileType = sourcecode.swift; path = SceneDelegate.swift; sourceTree = "<group>"; };
		FC3203212F7C000000A90DC0 /* ImageLoadingProtocol.swift */ = {isa = PBXFileReference; lastKnownFileType = sourcecode.swift; path = ImageLoadingProtocol.swift; sourceTree = "<group>"; };
		FC3203232F7C000000A90DC0 /* ImageDownloaderEnvironment.swift */ = {isa = PBXFileReference; lastKnownFileType = sourcecode.swift; path = ImageDownloaderEnvironment.swift; sourceTree = "<group>"; };
		FC3203272F7C000100A90DC0 /* NetworkProtocol.swift */ = {isa = PBXFileReference; lastKnownFileType = sourcecode.swift; path = NetworkProtocol.swift; sourceTree = "<group>"; };
		FC3203292F7C000200A90DC0 /* DataLogger.swift */ = {isa = PBXFileReference; lastKnownFileType = sourcecode.swift; path = DataLogger.swift; sourceTree = "<group>"; };
		FC32032B2F7C000200A90DC0 /* PresentationLogger.swift */ = {isa = PBXFileReference; lastKnownFileType = sourcecode.swift; path = PresentationLogger.swift; sourceTree = "<group>"; };
/* End PBXFileReference section */

/* Begin PBXFileSystemSynchronizedRootGroup section */
		FCCD76852F680A850081FC81 /* KakaoImageSearchTests */ = {
			isa = PBXFileSystemSynchronizedRootGroup;
			path = KakaoImageSearchTests;
			sourceTree = "<group>";
		};
		FCCD768F2F680A850081FC81 /* KakaoImageSearchUITests */ = {
			isa = PBXFileSystemSynchronizedRootGroup;
			path = KakaoImageSearchUITests;
			sourceTree = "<group>";
		};
/* End PBXFileSystemSynchronizedRootGroup section */

/* Begin PBXFrameworksBuildPhase section */
		FCCD76692F680A840081FC81 /* Frameworks */ = {
			isa = PBXFrameworksBuildPhase;
			buildActionMask = 2147483647;
			files = (
			);
			runOnlyForDeploymentPostprocessing = 0;
		};
		FCCD767F2F680A850081FC81 /* Frameworks */ = {
			isa = PBXFrameworksBuildPhase;
			buildActionMask = 2147483647;
			files = (
			);
			runOnlyForDeploymentPostprocessing = 0;
		};
		FCCD76892F680A850081FC81 /* Frameworks */ = {
			isa = PBXFrameworksBuildPhase;
			buildActionMask = 2147483647;
			files = (
			);
			runOnlyForDeploymentPostprocessing = 0;
		};
/* End PBXFrameworksBuildPhase section */

/* Begin PBXGroup section */
		FC1E89F92F68236A008CAC25 /* API */ = {
			isa = PBXGroup;
			children = (
				FC1E89F82F68236A008CAC25 /* KakaoImageSearchEndpoint.swift */,
			);
			path = API;
			sourceTree = "<group>";
		};
		FC1E8A022F6826B2008CAC25 /* Components */ = {
			isa = PBXGroup;
			children = (
				FC1E89FF2F6826B2008CAC25 /* BookmarkButton.swift */,
				FC75FCF42F6A9C4E00A90DC0 /* CachedAsyncImage.swift */,
				FC1E8A002F6826B2008CAC25 /* EmptyStateView.swift */,
				FC1E8A012F6826B2008CAC25 /* SearchBar.swift */,
				FCCC21262F699A0000363054 /* ToastView.swift */,
			);
			path = Components;
			sourceTree = "<group>";
		};
		FC1E8A072F6826B8008CAC25 /* Bookmark */ = {
			isa = PBXGroup;
			children = (
				FC1E8A122F6827B0008CAC25 /* BookmarkView.swift */,
				FC1E8A062F6826B8008CAC25 /* BookmarkViewModel.swift */,
			);
			path = Bookmark;
			sourceTree = "<group>";
		};
		FC1E8A0A2F6826C5008CAC25 /* Search */ = {
			isa = PBXGroup;
			children = (
				FC1E8A102F68276E008CAC25 /* SearchResultItemView.swift */,
				FC1E8A0E2F682768008CAC25 /* SearchView.swift */,
				FC1E8A092F6826C5008CAC25 /* SearchViewModel.swift */,
			);
			path = Search;
			sourceTree = "<group>";
		};
		FC75FCDE2F6A9BA400A90DC0 /* Store */ = {
			isa = PBXGroup;
			children = (
				FC75FCDD2F6A9BA400A90DC0 /* BookmarkStore.swift */,
			);
			path = Store;
			sourceTree = "<group>";
		};
		FC75FCF72F6A9C4E00A90DC0 /* ImageLoader */ = {
			isa = PBXGroup;
			children = (
				FC75FCF52F6A9C4E00A90DC0 /* ImageCache.swift */,
				FC75FCF62F6A9C4E00A90DC0 /* ImageDownloader.swift */,
			);
			path = ImageLoader;
			sourceTree = "<group>";
		};
		FC75FCF92F6A9C4E00A90DC0 /* Logger */ = {
			isa = PBXGroup;
			children = (
				FC75FCF82F6A9C4E00A90DC0 /* AppLogger.swift */,
			);
			path = Logger;
			sourceTree = "<group>";
		};
		FC75FCFD2F6A9C4E00A90DC0 /* Network */ = {
			isa = PBXGroup;
			children = (
				FC75FCFA2F6A9C4E00A90DC0 /* APIEndpoint.swift */,
				FC75FCFB2F6A9C4E00A90DC0 /* NetworkError.swift */,
				FC75FCFC2F6A9C4E00A90DC0 /* NetworkService.swift */,
			);
			path = Network;
			sourceTree = "<group>";
		};
		FC75FCFF2F6A9C4E00A90DC0 /* Infrastructure */ = {
			isa = PBXGroup;
			children = (
				FC75FCF72F6A9C4E00A90DC0 /* ImageLoader */,
				FC75FCF92F6A9C4E00A90DC0 /* Logger */,
				FC75FCFD2F6A9C4E00A90DC0 /* Network */,
			);
			path = Infrastructure;
			sourceTree = "<group>";
		};
		FCCD76632F680A840081FC81 = {
			isa = PBXGroup;
			children = (
				FC116B742F69131700111870 /* README.md */,
				FC116B722F69131000111870 /* DEVELOPMENT.md */,
				FC1E89FB2F6823DE008CAC25 /* KakaoAPIKey.swift */,
				FCCC21232F698EAC00363054 /* KakaoAPIKey.swift.example */,
				FCCD770F2F680E070081FC81 /* KakaoImageSearch */,
				FCCD77042F680D9B0081FC81 /* App */,
				FCCD76EA2F680D710081FC81 /* Domain */,
				FCCD76A52F680ACB0081FC81 /* Data */,
				FC75FCFF2F6A9C4E00A90DC0 /* Infrastructure */,
				FCCD76DE2F680CE20081FC81 /* Presentation */,
				FCCD76852F680A850081FC81 /* KakaoImageSearchTests */,
				FCCD768F2F680A850081FC81 /* KakaoImageSearchUITests */,
				FCCD766D2F680A840081FC81 /* Products */,
			);
			sourceTree = "<group>";
		};
		FCCD766D2F680A840081FC81 /* Products */ = {
			isa = PBXGroup;
			children = (
				FCCD766C2F680A840081FC81 /* KakaoImageSearch.app */,
				FCCD76822F680A850081FC81 /* KakaoImageSearchTests.xctest */,
				FCCD768C2F680A850081FC81 /* KakaoImageSearchUITests.xctest */,
			);
			name = Products;
			sourceTree = "<group>";
		};
		FC32032C2F7C000200A90DC0 /* Logger */ = {
			isa = PBXGroup;
			children = (
				FC3203292F7C000200A90DC0 /* DataLogger.swift */,
			);
			path = Logger;
			sourceTree = "<group>";
		};
		FCCD76A52F680ACB0081FC81 /* Data */ = {
			isa = PBXGroup;
			children = (
				FC1E89F92F68236A008CAC25 /* API */,
				FCCD76D22F680C630081FC81 /* DTO */,
				FC32032C2F7C000200A90DC0 /* Logger */,
				FCCD76D32F680C6A0081FC81 /* Repository */,
				FCCD76D42F680C750081FC81 /* Storage */,
			);
			path = Data;
			sourceTree = "<group>";
		};
		FCCD76D22F680C630081FC81 /* DTO */ = {
			isa = PBXGroup;
			children = (
				FCCD76D52F680C880081FC81 /* KakaoSearchResponseDTO.swift */,
			);
			path = DTO;
			sourceTree = "<group>";
		};
		FCCD76D32F680C6A0081FC81 /* Repository */ = {
			isa = PBXGroup;
			children = (
				FCCD76D72F680C970081FC81 /* DefaultImageSearchRepository.swift */,
				FCCD76D92F680CA50081FC81 /* DefaultBookmarkRepository.swift */,
			);
			path = Repository;
			sourceTree = "<group>";
		};
		FCCD76D42F680C750081FC81 /* Storage */ = {
			isa = PBXGroup;
			children = (
				FCCD76DB2F680CB20081FC81 /* BookmarkStorage.swift */,
			);
			path = Storage;
			sourceTree = "<group>";
		};
		FC32032D2F7C000200A90DC0 /* Logger */ = {
			isa = PBXGroup;
			children = (
				FC32032B2F7C000200A90DC0 /* PresentationLogger.swift */,
			);
			path = Logger;
			sourceTree = "<group>";
		};
		FCCD76DE2F680CE20081FC81 /* Presentation */ = {
			isa = PBXGroup;
			children = (
				FCCD76DF2F680D000081FC81 /* Main */,
				FC75FCDE2F6A9BA400A90DC0 /* Store */,
				FC1E8A0A2F6826C5008CAC25 /* Search */,
				FC1E8A072F6826B8008CAC25 /* Bookmark */,
				FC1E8A022F6826B2008CAC25 /* Components */,
				FC32032D2F7C000200A90DC0 /* Logger */,
				FC75FCFE2F6A9C4E00A90DC0 /* L10n.swift */,
			);
			path = Presentation;
			sourceTree = "<group>";
		};
		FCCD76DF2F680D000081FC81 /* Main */ = {
			isa = PBXGroup;
			children = (
				FC1E8A0C2F682759008CAC25 /* MainView.swift */,
				FC1E89FD2F6826AC008CAC25 /* MainViewModel.swift */,
			);
			path = Main;
			sourceTree = "<group>";
		};
		FCCD76E32F680D710081FC81 /* Entity */ = {
			isa = PBXGroup;
			children = (
				FCCD76E22F680D710081FC81 /* ImageItem.swift */,
			);
			path = Entity;
			sourceTree = "<group>";
		};
		FCCD76E62F680D710081FC81 /* Repository */ = {
			isa = PBXGroup;
			children = (
				FCCD76E42F680D710081FC81 /* BookmarkRepository.swift */,
				FCCD76E52F680D710081FC81 /* ImageSearchRepository.swift */,
			);
			path = Repository;
			sourceTree = "<group>";
		};
		FCCD76E92F680D710081FC81 /* UseCase */ = {
			isa = PBXGroup;
			children = (
				FCCD76E72F680D710081FC81 /* ManageBookmarkUseCase.swift */,
				FCCD76E82F680D710081FC81 /* SearchImageUseCase.swift */,
			);
			path = UseCase;
			sourceTree = "<group>";
		};
		FC3203252F7C000000A90DC0 /* Service */ = {
			isa = PBXGroup;
			children = (
				FC3203212F7C000000A90DC0 /* ImageLoadingProtocol.swift */,
				FC3203272F7C000100A90DC0 /* NetworkProtocol.swift */,
			);
			path = Service;
			sourceTree = "<group>";
		};
		FCCD76EA2F680D710081FC81 /* Domain */ = {
			isa = PBXGroup;
			children = (
				FCCD76E32F680D710081FC81 /* Entity */,
				FCCD76E62F680D710081FC81 /* Repository */,
				FC3203252F7C000000A90DC0 /* Service */,
				FCCD76E92F680D710081FC81 /* UseCase */,
			);
			path = Domain;
			sourceTree = "<group>";
		};
		FCCD77042F680D9B0081FC81 /* App */ = {
			isa = PBXGroup;
			children = (
				FCCD77032F680D9B0081FC81 /* KakaoImageSearchApp.swift */,
				FC3203232F7C000000A90DC0 /* ImageDownloaderEnvironment.swift */,
			);
			path = App;
			sourceTree = "<group>";
		};
		FCCD770F2F680E070081FC81 /* KakaoImageSearch */ = {
			isa = PBXGroup;
			children = (
				FCCD77062F680E070081FC81 /* AppDelegate.swift */,
				FCCD77072F680E070081FC81 /* Assets.xcassets */,
				FCCD77082F680E070081FC81 /* Info.plist */,
				FCCD770A2F680E070081FC81 /* LaunchScreen.storyboard */,
				FCCD770D2F680E070081FC81 /* SceneDelegate.swift */,
				FC1E89F62F681CC2008CAC25 /* Localizable.xcstrings */,
			);
			path = KakaoImageSearch;
			sourceTree = "<group>";
		};
/* End PBXGroup section */

/* Begin PBXNativeTarget section */
		FCCD766B2F680A840081FC81 /* KakaoImageSearch */ = {
			isa = PBXNativeTarget;
			buildConfigurationList = FCCD76952F680A850081FC81 /* Build configuration list for PBXNativeTarget "KakaoImageSearch" */;
			buildPhases = (
				FCCD76682F680A840081FC81 /* Sources */,
				FCCD76692F680A840081FC81 /* Frameworks */,
				FCCD766A2F680A840081FC81 /* Resources */,
			);
			buildRules = (
			);
			dependencies = (
			);
			name = KakaoImageSearch;
			packageProductDependencies = (
			);
			productName = KakaoImageSearch;
			productReference = FCCD766C2F680A840081FC81 /* KakaoImageSearch.app */;
			productType = "com.apple.product-type.application";
		};
		FCCD76812F680A850081FC81 /* KakaoImageSearchTests */ = {
			isa = PBXNativeTarget;
			buildConfigurationList = FCCD769A2F680A850081FC81 /* Build configuration list for PBXNativeTarget "KakaoImageSearchTests" */;
			buildPhases = (
				FCCD767E2F680A850081FC81 /* Sources */,
				FCCD767F2F680A850081FC81 /* Frameworks */,
				FCCD76802F680A850081FC81 /* Resources */,
			);
			buildRules = (
			);
			dependencies = (
				FCCD76842F680A850081FC81 /* PBXTargetDependency */,
			);
			fileSystemSynchronizedGroups = (
				FCCD76852F680A850081FC81 /* KakaoImageSearchTests */,
			);
			name = KakaoImageSearchTests;
			packageProductDependencies = (
			);
			productName = KakaoImageSearchTests;
			productReference = FCCD76822F680A850081FC81 /* KakaoImageSearchTests.xctest */;
			productType = "com.apple.product-type.bundle.unit-test";
		};
		FCCD768B2F680A850081FC81 /* KakaoImageSearchUITests */ = {
			isa = PBXNativeTarget;
			buildConfigurationList = FCCD769D2F680A850081FC81 /* Build configuration list for PBXNativeTarget "KakaoImageSearchUITests" */;
			buildPhases = (
				FCCD76882F680A850081FC81 /* Sources */,
				FCCD76892F680A850081FC81 /* Frameworks */,
				FCCD768A2F680A850081FC81 /* Resources */,
			);
			buildRules = (
			);
			dependencies = (
				FCCD768E2F680A850081FC81 /* PBXTargetDependency */,
			);
			fileSystemSynchronizedGroups = (
				FCCD768F2F680A850081FC81 /* KakaoImageSearchUITests */,
			);
			name = KakaoImageSearchUITests;
			packageProductDependencies = (
			);
			productName = KakaoImageSearchUITests;
			productReference = FCCD768C2F680A850081FC81 /* KakaoImageSearchUITests.xctest */;
			productType = "com.apple.product-type.bundle.ui-testing";
		};
/* End PBXNativeTarget section */

/* Begin PBXProject section */
		FCCD76642F680A840081FC81 /* Project object */ = {
			isa = PBXProject;
			attributes = {
				BuildIndependentTargetsInParallel = 1;
				LastSwiftUpdateCheck = 2620;
				LastUpgradeCheck = 2620;
				TargetAttributes = {
					FCCD766B2F680A840081FC81 = {
						CreatedOnToolsVersion = 26.2;
					};
					FCCD76812F680A850081FC81 = {
						CreatedOnToolsVersion = 26.2;
						TestTargetID = FCCD766B2F680A840081FC81;
					};
					FCCD768B2F680A850081FC81 = {
						CreatedOnToolsVersion = 26.2;
						TestTargetID = FCCD766B2F680A840081FC81;
					};
				};
			};
			buildConfigurationList = FCCD76672F680A840081FC81 /* Build configuration list for PBXProject "KakaoImageSearch" */;
			developmentRegion = en;
			hasScannedForEncodings = 0;
			knownRegions = (
				en,
				Base,
			);
			mainGroup = FCCD76632F680A840081FC81;
			minimizedProjectReferenceProxies = 1;
			preferredProjectObjectVersion = 77;
			productRefGroup = FCCD766D2F680A840081FC81 /* Products */;
			projectDirPath = "";
			projectRoot = "";
			targets = (
				FCCD766B2F680A840081FC81 /* KakaoImageSearch */,
				FCCD76812F680A850081FC81 /* KakaoImageSearchTests */,
				FCCD768B2F680A850081FC81 /* KakaoImageSearchUITests */,
			);
		};
/* End PBXProject section */

/* Begin PBXResourcesBuildPhase section */
		FCCD766A2F680A840081FC81 /* Resources */ = {
			isa = PBXResourcesBuildPhase;
			buildActionMask = 2147483647;
			files = (
				FCCC21242F698EAC00363054 /* KakaoAPIKey.swift.example in Resources */,
				FC116B732F69131000111870 /* DEVELOPMENT.md in Resources */,
				FCCD77282F68185E0081FC81 /* LaunchScreen.storyboard in Resources */,
				FC116B752F69131700111870 /* README.md in Resources */,
				FC1E89F72F681CC2008CAC25 /* Localizable.xcstrings in Resources */,
				FCCD772A2F68186F0081FC81 /* Assets.xcassets in Resources */,
			);
			runOnlyForDeploymentPostprocessing = 0;
		};
		FCCD76802F680A850081FC81 /* Resources */ = {
			isa = PBXResourcesBuildPhase;
			buildActionMask = 2147483647;
			files = (
			);
			runOnlyForDeploymentPostprocessing = 0;
		};
		FCCD768A2F680A850081FC81 /* Resources */ = {
			isa = PBXResourcesBuildPhase;
			buildActionMask = 2147483647;
			files = (
			);
			runOnlyForDeploymentPostprocessing = 0;
		};
/* End PBXResourcesBuildPhase section */

/* Begin PBXSourcesBuildPhase section */
		FCCD76682F680A840081FC81 /* Sources */ = {
			isa = PBXSourcesBuildPhase;
			buildActionMask = 2147483647;
			files = (
				FCCD76D62F680C880081FC81 /* KakaoSearchResponseDTO.swift in Sources */,
				FCCD76D82F680C970081FC81 /* DefaultImageSearchRepository.swift in Sources */,
				FC1E89FC2F6823DE008CAC25 /* KakaoAPIKey.swift in Sources */,
				FC1E8A032F6826B2008CAC25 /* EmptyStateView.swift in Sources */,
				FC75FCDF2F6A9BA400A90DC0 /* BookmarkStore.swift in Sources */,
				FC1E8A042F6826B2008CAC25 /* BookmarkButton.swift in Sources */,
				FCCC21252F699A0000363054 /* ToastView.swift in Sources */,
				FC1E8A052F6826B2008CAC25 /* SearchBar.swift in Sources */,
				FC1E8A0D2F682759008CAC25 /* MainView.swift in Sources */,
				FC1E8A0F2F682768008CAC25 /* SearchView.swift in Sources */,
				FCCD76DA2F680CA50081FC81 /* DefaultBookmarkRepository.swift in Sources */,
				FCCD76EB2F680D710081FC81 /* BookmarkRepository.swift in Sources */,
				FC75FD002F6A9C4E00A90DC0 /* CachedAsyncImage.swift in Sources */,
				FC75FD012F6A9C4E00A90DC0 /* AppLogger.swift in Sources */,
				FC75FD022F6A9C4E00A90DC0 /* NetworkError.swift in Sources */,
				FC75FD032F6A9C4E00A90DC0 /* ImageCache.swift in Sources */,
				FC75FD042F6A9C4E00A90DC0 /* L10n.swift in Sources */,
				FC75FD052F6A9C4E00A90DC0 /* NetworkService.swift in Sources */,
				FC75FD062F6A9C4E00A90DC0 /* ImageDownloader.swift in Sources */,
				FC75FD072F6A9C4E00A90DC0 /* APIEndpoint.swift in Sources */,
				FCCD76EC2F680D710081FC81 /* ImageItem.swift in Sources */,
				FC1E8A112F68276E008CAC25 /* SearchResultItemView.swift in Sources */,
				FC1E8A0B2F6826C5008CAC25 /* SearchViewModel.swift in Sources */,
				FC1E89FA2F68236A008CAC25 /* KakaoImageSearchEndpoint.swift in Sources */,
				FCCD77052F680D9B0081FC81 /* KakaoImageSearchApp.swift in Sources */,
				FCCD77262F68183F0081FC81 /* SceneDelegate.swift in Sources */,
				FCCD76ED2F680D710081FC81 /* SearchImageUseCase.swift in Sources */,
				FCCD76EE2F680D710081FC81 /* ManageBookmarkUseCase.swift in Sources */,
				FCCD772B2F6818750081FC81 /* AppDelegate.swift in Sources */,
				FC1E8A082F6826B8008CAC25 /* BookmarkViewModel.swift in Sources */,
				FCCD76EF2F680D710081FC81 /* ImageSearchRepository.swift in Sources */,
				FC1E8A132F6827B0008CAC25 /* BookmarkView.swift in Sources */,
				FCCD76DC2F680CB20081FC81 /* BookmarkStorage.swift in Sources */,
				FC1E89FE2F6826AC008CAC25 /* MainViewModel.swift in Sources */,
				FC3203202F7C000000A90DC0 /* ImageLoadingProtocol.swift in Sources */,
				FC3203222F7C000000A90DC0 /* ImageDownloaderEnvironment.swift in Sources */,
				FC3203262F7C000100A90DC0 /* NetworkProtocol.swift in Sources */,
				FC3203282F7C000200A90DC0 /* DataLogger.swift in Sources */,
				FC32032A2F7C000200A90DC0 /* PresentationLogger.swift in Sources */,
			);
			runOnlyForDeploymentPostprocessing = 0;
		};
		FCCD767E2F680A850081FC81 /* Sources */ = {
			isa = PBXSourcesBuildPhase;
			buildActionMask = 2147483647;
			files = (
			);
			runOnlyForDeploymentPostprocessing = 0;
		};
		FCCD76882F680A850081FC81 /* Sources */ = {
			isa = PBXSourcesBuildPhase;
			buildActionMask = 2147483647;
			files = (
			);
			runOnlyForDeploymentPostprocessing = 0;
		};
/* End PBXSourcesBuildPhase section */

/* Begin PBXTargetDependency section */
		FCCD76842F680A850081FC81 /* PBXTargetDependency */ = {
			isa = PBXTargetDependency;
			target = FCCD766B2F680A840081FC81 /* KakaoImageSearch */;
			targetProxy = FCCD76832F680A850081FC81 /* PBXContainerItemProxy */;
		};
		FCCD768E2F680A850081FC81 /* PBXTargetDependency */ = {
			isa = PBXTargetDependency;
			target = FCCD766B2F680A840081FC81 /* KakaoImageSearch */;
			targetProxy = FCCD768D2F680A850081FC81 /* PBXContainerItemProxy */;
		};
/* End PBXTargetDependency section */

/* Begin PBXVariantGroup section */
		FCCD770A2F680E070081FC81 /* LaunchScreen.storyboard */ = {
			isa = PBXVariantGroup;
			children = (
				FCCD77092F680E070081FC81 /* Base */,
			);
			name = LaunchScreen.storyboard;
			sourceTree = "<group>";
		};
/* End PBXVariantGroup section */

/* Begin XCBuildConfiguration section */
		FCCD76962F680A850081FC81 /* Debug */ = {
			isa = XCBuildConfiguration;
			buildSettings = {
				ASSETCATALOG_COMPILER_APPICON_NAME = AppIcon;
				ASSETCATALOG_COMPILER_GLOBAL_ACCENT_COLOR_NAME = AccentColor;
				CODE_SIGN_STYLE = Automatic;
				CURRENT_PROJECT_VERSION = 1;
				DEVELOPMENT_TEAM = 58P2TR7FR9;
				GENERATE_INFOPLIST_FILE = YES;
				INFOPLIST_FILE = KakaoImageSearch/Info.plist;
				INFOPLIST_KEY_LSApplicationCategoryType = "public.app-category.photography";
				INFOPLIST_KEY_UIApplicationSupportsIndirectInputEvents = YES;
				INFOPLIST_KEY_UILaunchStoryboardName = LaunchScreen;
				INFOPLIST_KEY_UISupportedInterfaceOrientations_iPad = "UIInterfaceOrientationPortrait UIInterfaceOrientationPortraitUpsideDown UIInterfaceOrientationLandscapeLeft UIInterfaceOrientationLandscapeRight";
				INFOPLIST_KEY_UISupportedInterfaceOrientations_iPhone = "UIInterfaceOrientationPortrait UIInterfaceOrientationLandscapeLeft UIInterfaceOrientationLandscapeRight";
				IPHONEOS_DEPLOYMENT_TARGET = 17.0;
				LD_RUNPATH_SEARCH_PATHS = (
					"$(inherited)",
					"@executable_path/Frameworks",
				);
				MARKETING_VERSION = 1.0;
				PRODUCT_BUNDLE_IDENTIFIER = com.start.KakaoImageSearch;
				PRODUCT_NAME = "$(TARGET_NAME)";
				STRING_CATALOG_GENERATE_SYMBOLS = YES;
				SWIFT_APPROACHABLE_CONCURRENCY = YES;
				SWIFT_DEFAULT_ACTOR_ISOLATION = MainActor;
				SWIFT_EMIT_LOC_STRINGS = YES;
				SWIFT_UPCOMING_FEATURE_MEMBER_IMPORT_VISIBILITY = YES;
				SWIFT_VERSION = 6.0;
				TARGETED_DEVICE_FAMILY = "1,2";
			};
			name = Debug;
		};
		FCCD76972F680A850081FC81 /* Release */ = {
			isa = XCBuildConfiguration;
			buildSettings = {
				ASSETCATALOG_COMPILER_APPICON_NAME = AppIcon;
				ASSETCATALOG_COMPILER_GLOBAL_ACCENT_COLOR_NAME = AccentColor;
				CODE_SIGN_STYLE = Automatic;
				CURRENT_PROJECT_VERSION = 1;
				DEVELOPMENT_TEAM = 58P2TR7FR9;
				GENERATE_INFOPLIST_FILE = YES;
				INFOPLIST_FILE = KakaoImageSearch/Info.plist;
				INFOPLIST_KEY_LSApplicationCategoryType = "public.app-category.photography";
				INFOPLIST_KEY_UIApplicationSupportsIndirectInputEvents = YES;
				INFOPLIST_KEY_UILaunchStoryboardName = LaunchScreen;
				INFOPLIST_KEY_UISupportedInterfaceOrientations_iPad = "UIInterfaceOrientationPortrait UIInterfaceOrientationPortraitUpsideDown UIInterfaceOrientationLandscapeLeft UIInterfaceOrientationLandscapeRight";
				INFOPLIST_KEY_UISupportedInterfaceOrientations_iPhone = "UIInterfaceOrientationPortrait UIInterfaceOrientationLandscapeLeft UIInterfaceOrientationLandscapeRight";
				IPHONEOS_DEPLOYMENT_TARGET = 17.0;
				LD_RUNPATH_SEARCH_PATHS = (
					"$(inherited)",
					"@executable_path/Frameworks",
				);
				MARKETING_VERSION = 1.0;
				PRODUCT_BUNDLE_IDENTIFIER = com.start.KakaoImageSearch;
				PRODUCT_NAME = "$(TARGET_NAME)";
				STRING_CATALOG_GENERATE_SYMBOLS = YES;
				SWIFT_APPROACHABLE_CONCURRENCY = YES;
				SWIFT_DEFAULT_ACTOR_ISOLATION = MainActor;
				SWIFT_EMIT_LOC_STRINGS = YES;
				SWIFT_UPCOMING_FEATURE_MEMBER_IMPORT_VISIBILITY = YES;
				SWIFT_VERSION = 6.0;
				TARGETED_DEVICE_FAMILY = "1,2";
			};
			name = Release;
		};
		FCCD76982F680A850081FC81 /* Debug */ = {
			isa = XCBuildConfiguration;
			buildSettings = {
				ALWAYS_SEARCH_USER_PATHS = NO;
				ASSETCATALOG_COMPILER_GENERATE_SWIFT_ASSET_SYMBOL_EXTENSIONS = YES;
				CLANG_ANALYZER_NONNULL = YES;
				CLANG_ANALYZER_NUMBER_OBJECT_CONVERSION = YES_AGGRESSIVE;
				CLANG_CXX_LANGUAGE_STANDARD = "gnu++20";
				CLANG_ENABLE_MODULES = YES;
				CLANG_ENABLE_OBJC_ARC = YES;
				CLANG_ENABLE_OBJC_WEAK = YES;
				CLANG_WARN_BLOCK_CAPTURE_AUTORELEASING = YES;
				CLANG_WARN_BOOL_CONVERSION = YES;
				CLANG_WARN_COMMA = YES;
				CLANG_WARN_CONSTANT_CONVERSION = YES;
				CLANG_WARN_DEPRECATED_OBJC_IMPLEMENTATIONS = YES;
				CLANG_WARN_DIRECT_OBJC_ISA_USAGE = YES_ERROR;
				CLANG_WARN_DOCUMENTATION_COMMENTS = YES;
				CLANG_WARN_EMPTY_BODY = YES;
				CLANG_WARN_ENUM_CONVERSION = YES;
				CLANG_WARN_INFINITE_RECURSION = YES;
				CLANG_WARN_INT_CONVERSION = YES;
				CLANG_WARN_NON_LITERAL_NULL_CONVERSION = YES;
				CLANG_WARN_OBJC_IMPLICIT_RETAIN_SELF = YES;
				CLANG_WARN_OBJC_LITERAL_CONVERSION = YES;
				CLANG_WARN_OBJC_ROOT_CLASS = YES_ERROR;
				CLANG_WARN_QUOTED_INCLUDE_IN_FRAMEWORK_HEADER = YES;
				CLANG_WARN_RANGE_LOOP_ANALYSIS = YES;
				CLANG_WARN_STRICT_PROTOTYPES = YES;
				CLANG_WARN_SUSPICIOUS_MOVE = YES;
				CLANG_WARN_UNGUARDED_AVAILABILITY = YES_AGGRESSIVE;
				CLANG_WARN_UNREACHABLE_CODE = YES;
				CLANG_WARN__DUPLICATE_METHOD_MATCH = YES;
				COPY_PHASE_STRIP = NO;
				DEBUG_INFORMATION_FORMAT = dwarf;
				DEVELOPMENT_TEAM = 58P2TR7FR9;
				ENABLE_STRICT_OBJC_MSGSEND = YES;
				ENABLE_TESTABILITY = YES;
				ENABLE_USER_SCRIPT_SANDBOXING = YES;
				GCC_C_LANGUAGE_STANDARD = gnu17;
				GCC_DYNAMIC_NO_PIC = NO;
				GCC_NO_COMMON_BLOCKS = YES;
				GCC_OPTIMIZATION_LEVEL = 0;
				GCC_PREPROCESSOR_DEFINITIONS = (
					"DEBUG=1",
					"$(inherited)",
				);
				GCC_WARN_64_TO_32_BIT_CONVERSION = YES;
				GCC_WARN_ABOUT_RETURN_TYPE = YES_ERROR;
				GCC_WARN_UNDECLARED_SELECTOR = YES;
				GCC_WARN_UNINITIALIZED_AUTOS = YES_AGGRESSIVE;
				GCC_WARN_UNUSED_FUNCTION = YES;
				GCC_WARN_UNUSED_VARIABLE = YES;
				IPHONEOS_DEPLOYMENT_TARGET = 17.0;
				LOCALIZATION_PREFERS_STRING_CATALOGS = YES;
				MTL_ENABLE_DEBUG_INFO = INCLUDE_SOURCE;
				MTL_FAST_MATH = YES;
				ONLY_ACTIVE_ARCH = YES;
				SDKROOT = iphoneos;
				SWIFT_ACTIVE_COMPILATION_CONDITIONS = "DEBUG $(inherited)";
				SWIFT_OPTIMIZATION_LEVEL = "-Onone";
			};
			name = Debug;
		};
		FCCD76992F680A850081FC81 /* Release */ = {
			isa = XCBuildConfiguration;
			buildSettings = {
				ALWAYS_SEARCH_USER_PATHS = NO;
				ASSETCATALOG_COMPILER_GENERATE_SWIFT_ASSET_SYMBOL_EXTENSIONS = YES;
				CLANG_ANALYZER_NONNULL = YES;
				CLANG_ANALYZER_NUMBER_OBJECT_CONVERSION = YES_AGGRESSIVE;
				CLANG_CXX_LANGUAGE_STANDARD = "gnu++20";
				CLANG_ENABLE_MODULES = YES;
				CLANG_ENABLE_OBJC_ARC = YES;
				CLANG_ENABLE_OBJC_WEAK = YES;
				CLANG_WARN_BLOCK_CAPTURE_AUTORELEASING = YES;
				CLANG_WARN_BOOL_CONVERSION = YES;
				CLANG_WARN_COMMA = YES;
				CLANG_WARN_CONSTANT_CONVERSION = YES;
				CLANG_WARN_DEPRECATED_OBJC_IMPLEMENTATIONS = YES;
				CLANG_WARN_DIRECT_OBJC_ISA_USAGE = YES_ERROR;
				CLANG_WARN_DOCUMENTATION_COMMENTS = YES;
				CLANG_WARN_EMPTY_BODY = YES;
				CLANG_WARN_ENUM_CONVERSION = YES;
				CLANG_WARN_INFINITE_RECURSION = YES;
				CLANG_WARN_INT_CONVERSION = YES;
				CLANG_WARN_NON_LITERAL_NULL_CONVERSION = YES;
				CLANG_WARN_OBJC_IMPLICIT_RETAIN_SELF = YES;
				CLANG_WARN_OBJC_LITERAL_CONVERSION = YES;
				CLANG_WARN_OBJC_ROOT_CLASS = YES_ERROR;
				CLANG_WARN_QUOTED_INCLUDE_IN_FRAMEWORK_HEADER = YES;
				CLANG_WARN_RANGE_LOOP_ANALYSIS = YES;
				CLANG_WARN_STRICT_PROTOTYPES = YES;
				CLANG_WARN_SUSPICIOUS_MOVE = YES;
				CLANG_WARN_UNGUARDED_AVAILABILITY = YES_AGGRESSIVE;
				CLANG_WARN_UNREACHABLE_CODE = YES;
				CLANG_WARN__DUPLICATE_METHOD_MATCH = YES;
				COPY_PHASE_STRIP = NO;
				DEBUG_INFORMATION_FORMAT = "dwarf-with-dsym";
				DEVELOPMENT_TEAM = 58P2TR7FR9;
				ENABLE_NS_ASSERTIONS = NO;
				ENABLE_STRICT_OBJC_MSGSEND = YES;
				ENABLE_USER_SCRIPT_SANDBOXING = YES;
				GCC_C_LANGUAGE_STANDARD = gnu17;
				GCC_NO_COMMON_BLOCKS = YES;
				GCC_WARN_64_TO_32_BIT_CONVERSION = YES;
				GCC_WARN_ABOUT_RETURN_TYPE = YES_ERROR;
				GCC_WARN_UNDECLARED_SELECTOR = YES;
				GCC_WARN_UNINITIALIZED_AUTOS = YES_AGGRESSIVE;
				GCC_WARN_UNUSED_FUNCTION = YES;
				GCC_WARN_UNUSED_VARIABLE = YES;
				IPHONEOS_DEPLOYMENT_TARGET = 17.0;
				LOCALIZATION_PREFERS_STRING_CATALOGS = YES;
				MTL_ENABLE_DEBUG_INFO = NO;
				MTL_FAST_MATH = YES;
				SDKROOT = iphoneos;
				SWIFT_COMPILATION_MODE = wholemodule;
				VALIDATE_PRODUCT = YES;
			};
			name = Release;
		};
		FCCD769B2F680A850081FC81 /* Debug */ = {
			isa = XCBuildConfiguration;
			buildSettings = {
				BUNDLE_LOADER = "$(TEST_HOST)";
				CODE_SIGN_STYLE = Automatic;
				CURRENT_PROJECT_VERSION = 1;
				DEVELOPMENT_TEAM = 58P2TR7FR9;
				GENERATE_INFOPLIST_FILE = YES;
				IPHONEOS_DEPLOYMENT_TARGET = 17.0;
				MARKETING_VERSION = 1.0;
				PRODUCT_BUNDLE_IDENTIFIER = com.start.KakaoImageSearchTests;
				PRODUCT_NAME = "$(TARGET_NAME)";
				STRING_CATALOG_GENERATE_SYMBOLS = NO;
				SWIFT_APPROACHABLE_CONCURRENCY = YES;
				SWIFT_EMIT_LOC_STRINGS = NO;
				SWIFT_UPCOMING_FEATURE_MEMBER_IMPORT_VISIBILITY = YES;
				SWIFT_VERSION = 6.0;
				TARGETED_DEVICE_FAMILY = "1,2";
				TEST_HOST = "$(BUILT_PRODUCTS_DIR)/KakaoImageSearch.app/$(BUNDLE_EXECUTABLE_FOLDER_PATH)/KakaoImageSearch";
			};
			name = Debug;
		};
		FCCD769C2F680A850081FC81 /* Release */ = {
			isa = XCBuildConfiguration;
			buildSettings = {
				BUNDLE_LOADER = "$(TEST_HOST)";
				CODE_SIGN_STYLE = Automatic;
				CURRENT_PROJECT_VERSION = 1;
				DEVELOPMENT_TEAM = 58P2TR7FR9;
				GENERATE_INFOPLIST_FILE = YES;
				IPHONEOS_DEPLOYMENT_TARGET = 17.0;
				MARKETING_VERSION = 1.0;
				PRODUCT_BUNDLE_IDENTIFIER = com.start.KakaoImageSearchTests;
				PRODUCT_NAME = "$(TARGET_NAME)";
				STRING_CATALOG_GENERATE_SYMBOLS = NO;
				SWIFT_APPROACHABLE_CONCURRENCY = YES;
				SWIFT_EMIT_LOC_STRINGS = NO;
				SWIFT_UPCOMING_FEATURE_MEMBER_IMPORT_VISIBILITY = YES;
				SWIFT_VERSION = 6.0;
				TARGETED_DEVICE_FAMILY = "1,2";
				TEST_HOST = "$(BUILT_PRODUCTS_DIR)/KakaoImageSearch.app/$(BUNDLE_EXECUTABLE_FOLDER_PATH)/KakaoImageSearch";
			};
			name = Release;
		};
		FCCD769E2F680A850081FC81 /* Debug */ = {
			isa = XCBuildConfiguration;
			buildSettings = {
				CODE_SIGN_STYLE = Automatic;
				CURRENT_PROJECT_VERSION = 1;
				DEVELOPMENT_TEAM = 58P2TR7FR9;
				GENERATE_INFOPLIST_FILE = YES;
				IPHONEOS_DEPLOYMENT_TARGET = 17.0;
				MARKETING_VERSION = 1.0;
				PRODUCT_BUNDLE_IDENTIFIER = com.start.KakaoImageSearchUITests;
				PRODUCT_NAME = "$(TARGET_NAME)";
				STRING_CATALOG_GENERATE_SYMBOLS = NO;
				SWIFT_APPROACHABLE_CONCURRENCY = YES;
				SWIFT_EMIT_LOC_STRINGS = NO;
				SWIFT_UPCOMING_FEATURE_MEMBER_IMPORT_VISIBILITY = YES;
				SWIFT_VERSION = 6.0;
				TARGETED_DEVICE_FAMILY = "1,2";
				TEST_TARGET_NAME = KakaoImageSearch;
			};
			name = Debug;
		};
		FCCD769F2F680A850081FC81 /* Release */ = {
			isa = XCBuildConfiguration;
			buildSettings = {
				CODE_SIGN_STYLE = Automatic;
				CURRENT_PROJECT_VERSION = 1;
				DEVELOPMENT_TEAM = 58P2TR7FR9;
				GENERATE_INFOPLIST_FILE = YES;
				IPHONEOS_DEPLOYMENT_TARGET = 17.0;
				MARKETING_VERSION = 1.0;
				PRODUCT_BUNDLE_IDENTIFIER = com.start.KakaoImageSearchUITests;
				PRODUCT_NAME = "$(TARGET_NAME)";
				STRING_CATALOG_GENERATE_SYMBOLS = NO;
				SWIFT_APPROACHABLE_CONCURRENCY = YES;
				SWIFT_EMIT_LOC_STRINGS = NO;
				SWIFT_UPCOMING_FEATURE_MEMBER_IMPORT_VISIBILITY = YES;
				SWIFT_VERSION = 6.0;
				TARGETED_DEVICE_FAMILY = "1,2";
				TEST_TARGET_NAME = KakaoImageSearch;
			};
			name = Release;
		};
/* End XCBuildConfiguration section */

/* Begin XCConfigurationList section */
		FCCD76672F680A840081FC81 /* Build configuration list for PBXProject "KakaoImageSearch" */ = {
			isa = XCConfigurationList;
			buildConfigurations = (
				FCCD76982F680A850081FC81 /* Debug */,
				FCCD76992F680A850081FC81 /* Release */,
			);
			defaultConfigurationIsVisible = 0;
			defaultConfigurationName = Release;
		};
		FCCD76952F680A850081FC81 /* Build configuration list for PBXNativeTarget "KakaoImageSearch" */ = {
			isa = XCConfigurationList;
			buildConfigurations = (
				FCCD76962F680A850081FC81 /* Debug */,
				FCCD76972F680A850081FC81 /* Release */,
			);
			defaultConfigurationIsVisible = 0;
			defaultConfigurationName = Release;
		};
		FCCD769A2F680A850081FC81 /* Build configuration list for PBXNativeTarget "KakaoImageSearchTests" */ = {
			isa = XCConfigurationList;
			buildConfigurations = (
				FCCD769B2F680A850081FC81 /* Debug */,
				FCCD769C2F680A850081FC81 /* Release */,
			);
			defaultConfigurationIsVisible = 0;
			defaultConfigurationName = Release;
		};
		FCCD769D2F680A850081FC81 /* Build configuration list for PBXNativeTarget "KakaoImageSearchUITests" */ = {
			isa = XCConfigurationList;
			buildConfigurations = (
				FCCD769E2F680A850081FC81 /* Debug */,
				FCCD769F2F680A850081FC81 /* Release */,
			);
			defaultConfigurationIsVisible = 0;
			defaultConfigurationName = Release;
		};
/* End XCConfigurationList section */
	};
	rootObject = FCCD76642F680A840081FC81 /* Project object */;
}
