// !$*UTF8*$!
{
	archiveVersion = 1;
	classes = {
	};
	objectVersion = 77;
	objects = {

/* Begin PBXBuildFile section */
		FC1E89F52F681C9F008CAC25 /* L10n.swift in Sources */ = {isa = PBXBuildFile; fileRef = FC1E89F42F681C9F008CAC25 /* L10n.swift */; };
		FC1E89F72F681CC2008CAC25 /* Localizable.xcstrings in Resources */ = {isa = PBXBuildFile; fileRef = FC1E89F62F681CC2008CAC25 /* Localizable.xcstrings */; };
		FC1E89FA2F68236A008CAC25 /* KakaoImageSearchEndpoint.swift in Sources */ = {isa = PBXBuildFile; fileRef = FC1E89F82F68236A008CAC25 /* KakaoImageSearchEndpoint.swift */; };
		FC1E89FC2F6823DE008CAC25 /* KakaoAPIKey.swift in Sources */ = {isa = PBXBuildFile; fileRef = FC1E89FB2F6823DE008CAC25 /* KakaoAPIKey.swift */; };
		FCCD76D62F680C880081FC81 /* KakaoSearchResponseDTO.swift in Sources */ = {isa = PBXBuildFile; fileRef = FCCD76D52F680C880081FC81 /* KakaoSearchResponseDTO.swift */; };
		FCCD76D82F680C970081FC81 /* DefaultImageSearchRepository.swift in Sources */ = {isa = PBXBuildFile; fileRef = FCCD76D72F680C970081FC81 /* DefaultImageSearchRepository.swift */; };
		FCCD76DA2F680CA50081FC81 /* DiefaultBookmarkRepository.swift in Sources */ = {isa = PBXBuildFile; fileRef = FCCD76D92F680CA50081FC81 /* DiefaultBookmarkRepository.swift */; };
		FCCD76DC2F680CB20081FC81 /* BookmarkStorage.swift in Sources */ = {isa = PBXBuildFile; fileRef = FCCD76DB2F680CB20081FC81 /* BookmarkStorage.swift */; };
		FCCD76EB2F680D710081FC81 /* BookmarkRepository.swift in Sources */ = {isa = PBXBuildFile; fileRef = FCCD76E42F680D710081FC81 /* BookmarkRepository.swift */; };
		FCCD76EC2F680D710081FC81 /* ImageItem.swift in Sources */ = {isa = PBXBuildFile; fileRef = FCCD76E22F680D710081FC81 /* ImageItem.swift */; };
		FCCD76ED2F680D710081FC81 /* SearchImageUseCase.swift in Sources */ = {isa = PBXBuildFile; fileRef = FCCD76E82F680D710081FC81 /* SearchImageUseCase.swift */; };
		FCCD76EE2F680D710081FC81 /* ManageBookmarkUseCase.swift in Sources */ = {isa = PBXBuildFile; fileRef = FCCD76E72F680D710081FC81 /* ManageBookmarkUseCase.swift */; };
		FCCD76EF2F680D710081FC81 /* ImageSearchRepository.swift in Sources */ = {isa = PBXBuildFile; fileRef = FCCD76E52F680D710081FC81 /* ImageSearchRepository.swift */; };
		FCCD76FC2F680D860081FC81 /* NetworkService.swift in Sources */ = {isa = PBXBuildFile; fileRef = FCCD76F92F680D860081FC81 /* NetworkService.swift */; };
		FCCD76FD2F680D860081FC81 /* DIContainer.swift in Sources */ = {isa = PBXBuildFile; fileRef = FCCD76F02F680D860081FC81 /* DIContainer.swift */; };
		FCCD76FE2F680D860081FC81 /* ImageCache.swift in Sources */ = {isa = PBXBuildFile; fileRef = FCCD76F42F680D860081FC81 /* ImageCache.swift */; };
		FCCD76FF2F680D860081FC81 /* ImageDownloader.swift in Sources */ = {isa = PBXBuildFile; fileRef = FCCD76F52F680D860081FC81 /* ImageDownloader.swift */; };
		FCCD77002F680D860081FC81 /* NetworkError.swift in Sources */ = {isa = PBXBuildFile; fileRef = FCCD76F82F680D860081FC81 /* NetworkError.swift */; };
		FCCD77012F680D860081FC81 /* CachedAsyncImage.swift in Sources */ = {isa = PBXBuildFile; fileRef = FCCD76F32F680D860081FC81 /* CachedAsyncImage.swift */; };
		FCCD77022F680D860081FC81 /* APIEndpoint.swift in Sources */ = {isa = PBXBuildFile; fileRef = FCCD76F72F680D860081FC81 /* APIEndpoint.swift */; };
		FCCD77052F680D9B0081FC81 /* KakaoImageSearchApp.swift in Sources */ = {isa = PBXBuildFile; fileRef = FCCD77032F680D9B0081FC81 /* KakaoImageSearchApp.swift */; };
		FCCD77252F6818370081FC81 /* ViewController.swift in Sources */ = {isa = PBXBuildFile; fileRef = FCCD770E2F680E070081FC81 /* ViewController.swift */; };
		FCCD77262F68183F0081FC81 /* SceneDelegate.swift in Sources */ = {isa = PBXBuildFile; fileRef = FCCD770D2F680E070081FC81 /* SceneDelegate.swift */; };
		FCCD77272F6818530081FC81 /* Main.storyboard in Resources */ = {isa = PBXBuildFile; fileRef = FCCD770C2F680E070081FC81 /* Main.storyboard */; };
		FCCD77282F68185E0081FC81 /* LaunchScreen.storyboard in Resources */ = {isa = PBXBuildFile; fileRef = FCCD770A2F680E070081FC81 /* LaunchScreen.storyboard */; };
		FCCD772A2F68186F0081FC81 /* Assets.xcassets in Resources */ = {isa = PBXBuildFile; fileRef = FCCD77072F680E070081FC81 /* Assets.xcassets */; };
		FCCD772B2F6818750081FC81 /* AppDelegate.swift in Sources */ = {isa = PBXBuildFile; fileRef = FCCD77062F680E070081FC81 /* AppDelegate.swift */; };
/* End PBXBuildFile section */

/* Begin PBXContainerItemProxy section */
		FCCD76832F680A850081FC81 /* PBXContainerItemProxy */ = {
			isa = PBXContainerItemProxy;
			containerPortal = FCCD76642F680A840081FC81 /* Project object */;
			proxyType = 1;
			remoteGlobalIDString = FCCD766B2F680A840081FC81;
			remoteInfo = KakaoImageSearch;
		};
		FCCD768D2F680A850081FC81 /* PBXContainerItemProxy */ = {
			isa = PBXContainerItemProxy;
			containerPortal = FCCD76642F680A840081FC81 /* Project object */;
			proxyType = 1;
			remoteGlobalIDString = FCCD766B2F680A840081FC81;
			remoteInfo = KakaoImageSearch;
		};
/* End PBXContainerItemProxy section */

/* Begin PBXFileReference section */
		FC1E89F42F681C9F008CAC25 /* L10n.swift */ = {isa = PBXFileReference; lastKnownFileType = sourcecode.swift; path = L10n.swift; sourceTree = "<group>"; };
		FC1E89F62F681CC2008CAC25 /* Localizable.xcstrings */ = {isa = PBXFileReference; lastKnownFileType = text.json.xcstrings; path = Localizable.xcstrings; sourceTree = "<group>"; };
		FC1E89F82F68236A008CAC25 /* KakaoImageSearchEndpoint.swift */ = {isa = PBXFileReference; lastKnownFileType = sourcecode.swift; path = KakaoImageSearchEndpoint.swift; sourceTree = "<group>"; };
		FC1E89FB2F6823DE008CAC25 /* KakaoAPIKey.swift */ = {isa = PBXFileReference; lastKnownFileType = sourcecode.swift; path = KakaoAPIKey.swift; sourceTree = "<group>"; };
		FCCD766C2F680A840081FC81 /* KakaoImageSearch.app */ = {isa = PBXFileReference; explicitFileType = wrapper.application; includeInIndex = 0; path = KakaoImageSearch.app; sourceTree = BUILT_PRODUCTS_DIR; };
		FCCD76822F680A850081FC81 /* KakaoImageSearchTests.xctest */ = {isa = PBXFileReference; explicitFileType = wrapper.cfbundle; includeInIndex = 0; path = KakaoImageSearchTests.xctest; sourceTree = BUILT_PRODUCTS_DIR; };
		FCCD768C2F680A850081FC81 /* KakaoImageSearchUITests.xctest */ = {isa = PBXFileReference; explicitFileType = wrapper.cfbundle; includeInIndex = 0; path = KakaoImageSearchUITests.xctest; sourceTree = BUILT_PRODUCTS_DIR; };
		FCCD76D52F680C880081FC81 /* KakaoSearchResponseDTO.swift */ = {isa = PBXFileReference; lastKnownFileType = sourcecode.swift; path = KakaoSearchResponseDTO.swift; sourceTree = "<group>"; };
		FCCD76D72F680C970081FC81 /* DefaultImageSearchRepository.swift */ = {isa = PBXFileReference; lastKnownFileType = sourcecode.swift; path = DefaultImageSearchRepository.swift; sourceTree = "<group>"; };
		FCCD76D92F680CA50081FC81 /* DiefaultBookmarkRepository.swift */ = {isa = PBXFileReference; lastKnownFileType = sourcecode.swift; path = DiefaultBookmarkRepository.swift; sourceTree = "<group>"; };
		FCCD76DB2F680CB20081FC81 /* BookmarkStorage.swift */ = {isa = PBXFileReference; lastKnownFileType = sourcecode.swift; path = BookmarkStorage.swift; sourceTree = "<group>"; };
		FCCD76E22F680D710081FC81 /* ImageItem.swift */ = {isa = PBXFileReference; lastKnownFileType = sourcecode.swift; path = ImageItem.swift; sourceTree = "<group>"; };
		FCCD76E42F680D710081FC81 /* BookmarkRepository.swift */ = {isa = PBXFileReference; lastKnownFileType = sourcecode.swift; path = BookmarkRepository.swift; sourceTree = "<group>"; };
		FCCD76E52F680D710081FC81 /* ImageSearchRepository.swift */ = {isa = PBXFileReference; lastKnownFileType = sourcecode.swift; path = ImageSearchRepository.swift; sourceTree = "<group>"; };
		FCCD76E72F680D710081FC81 /* ManageBookmarkUseCase.swift */ = {isa = PBXFileReference; lastKnownFileType = sourcecode.swift; path = ManageBookmarkUseCase.swift; sourceTree = "<group>"; };
		FCCD76E82F680D710081FC81 /* SearchImageUseCase.swift */ = {isa = PBXFileReference; lastKnownFileType = sourcecode.swift; path = SearchImageUseCase.swift; sourceTree = "<group>"; };
		FCCD76F02F680D860081FC81 /* DIContainer.swift */ = {isa = PBXFileReference; lastKnownFileType = sourcecode.swift; path = DIContainer.swift; sourceTree = "<group>"; };
		FCCD76F32F680D860081FC81 /* CachedAsyncImage.swift */ = {isa = PBXFileReference; lastKnownFileType = sourcecode.swift; path = CachedAsyncImage.swift; sourceTree = "<group>"; };
		FCCD76F42F680D860081FC81 /* ImageCache.swift */ = {isa = PBXFileReference; lastKnownFileType = sourcecode.swift; path = ImageCache.swift; sourceTree = "<group>"; };
		FCCD76F52F680D860081FC81 /* ImageDownloader.swift */ = {isa = PBXFileReference; lastKnownFileType = sourcecode.swift; path = ImageDownloader.swift; sourceTree = "<group>"; };
		FCCD76F72F680D860081FC81 /* APIEndpoint.swift */ = {isa = PBXFileReference; lastKnownFileType = sourcecode.swift; path = APIEndpoint.swift; sourceTree = "<group>"; };
		FCCD76F82F680D860081FC81 /* NetworkError.swift */ = {isa = PBXFileReference; lastKnownFileType = sourcecode.swift; path = NetworkError.swift; sourceTree = "<group>"; };
		FCCD76F92F680D860081FC81 /* NetworkService.swift */ = {isa = PBXFileReference; lastKnownFileType = sourcecode.swift; path = NetworkService.swift; sourceTree = "<group>"; };
		FCCD77032F680D9B0081FC81 /* KakaoImageSearchApp.swift */ = {isa = PBXFileReference; lastKnownFileType = sourcecode.swift; path = KakaoImageSearchApp.swift; sourceTree = "<group>"; };
		FCCD77062F680E070081FC81 /* AppDelegate.swift */ = {isa = PBXFileReference; lastKnownFileType = sourcecode.swift; path = AppDelegate.swift; sourceTree = "<group>"; };
		FCCD77072F680E070081FC81 /* Assets.xcassets */ = {isa = PBXFileReference; lastKnownFileType = folder.assetcatalog; path = Assets.xcassets; sourceTree = "<group>"; };
		FCCD77082F680E070081FC81 /* Info.plist */ = {isa = PBXFileReference; lastKnownFileType = text.plist.xml; path = Info.plist; sourceTree = "<group>"; };
		FCCD77092F680E070081FC81 /* Base */ = {isa = PBXFileReference; lastKnownFileType = file.storyboard; name = Base; path = Base.lproj/LaunchScreen.storyboard; sourceTree = "<group>"; };
		FCCD770B2F680E070081FC81 /* Base */ = {isa = PBXFileReference; lastKnownFileType = file.storyboard; name = Base; path = Base.lproj/Main.storyboard; sourceTree = "<group>"; };
		FCCD770D2F680E070081FC81 /* SceneDelegate.swift */ = {isa = PBXFileReference; lastKnownFileType = sourcecode.swift; path = SceneDelegate.swift; sourceTree = "<group>"; };
		FCCD770E2F680E070081FC81 /* ViewController.swift */ = {isa = PBXFileReference; lastKnownFileType = sourcecode.swift; path = ViewController.swift; sourceTree = "<group>"; };
/* End PBXFileReference section */

/* Begin PBXFileSystemSynchronizedRootGroup section */
		FCCD76852F680A850081FC81 /* KakaoImageSearchTests */ = {
			isa = PBXFileSystemSynchronizedRootGroup;
			path = KakaoImageSearchTests;
			sourceTree = "<group>";
		};
		FCCD768F2F680A850081FC81 /* KakaoImageSearchUITests */ = {
			isa = PBXFileSystemSynchronizedRootGroup;
			path = KakaoImageSearchUITests;
			sourceTree = "<group>";
		};
/* End PBXFileSystemSynchronizedRootGroup section */

/* Begin PBXFrameworksBuildPhase section */
		FCCD76692F680A840081FC81 /* Frameworks */ = {
			isa = PBXFrameworksBuildPhase;
			buildActionMask = 2147483647;
			files = (
			);
			runOnlyForDeploymentPostprocessing = 0;
		};
		FCCD767F2F680A850081FC81 /* Frameworks */ = {
			isa = PBXFrameworksBuildPhase;
			buildActionMask = 2147483647;
			files = (
			);
			runOnlyForDeploymentPostprocessing = 0;
		};
		FCCD76892F680A850081FC81 /* Frameworks */ = {
			isa = PBXFrameworksBuildPhase;
			buildActionMask = 2147483647;
			files = (
			);
			runOnlyForDeploymentPostprocessing = 0;
		};
/* End PBXFrameworksBuildPhase section */

/* Begin PBXGroup section */
		FC1E89F92F68236A008CAC25 /* API */ = {
			isa = PBXGroup;
			children = (
				FC1E89F82F68236A008CAC25 /* KakaoImageSearchEndpoint.swift */,
			);
			path = API;
			sourceTree = "<group>";
		};
		FCCD76632F680A840081FC81 = {
			isa = PBXGroup;
			children = (
				FC1E89FB2F6823DE008CAC25 /* KakaoAPIKey.swift */,
				FCCD770F2F680E070081FC81 /* KakaoImageSearch */,
				FCCD76DE2F680CE20081FC81 /* Presentation */,
				FCCD76A52F680ACB0081FC81 /* Data */,
				FCCD76FB2F680D860081FC81 /* Core */,
				FCCD76EA2F680D710081FC81 /* Domain */,
				FCCD77042F680D9B0081FC81 /* App */,
				FCCD76852F680A850081FC81 /* KakaoImageSearchTests */,
				FCCD768F2F680A850081FC81 /* KakaoImageSearchUITests */,
				FCCD766D2F680A840081FC81 /* Products */,
			);
			sourceTree = "<group>";
		};
		FCCD766D2F680A840081FC81 /* Products */ = {
			isa = PBXGroup;
			children = (
				FCCD766C2F680A840081FC81 /* KakaoImageSearch.app */,
				FCCD76822F680A850081FC81 /* KakaoImageSearchTests.xctest */,
				FCCD768C2F680A850081FC81 /* KakaoImageSearchUITests.xctest */,
			);
			name = Products;
			sourceTree = "<group>";
		};
		FCCD76A52F680ACB0081FC81 /* Data */ = {
			isa = PBXGroup;
			children = (
				FC1E89F92F68236A008CAC25 /* API */,
				FCCD76D42F680C750081FC81 /* Storage */,
				FCCD76D32F680C6A0081FC81 /* Repository */,
				FCCD76D22F680C630081FC81 /* DTO */,
			);
			path = Data;
			sourceTree = "<group>";
		};
		FCCD76D22F680C630081FC81 /* DTO */ = {
			isa = PBXGroup;
			children = (
				FCCD76D52F680C880081FC81 /* KakaoSearchResponseDTO.swift */,
			);
			path = DTO;
			sourceTree = "<group>";
		};
		FCCD76D32F680C6A0081FC81 /* Repository */ = {
			isa = PBXGroup;
			children = (
				FCCD76D72F680C970081FC81 /* DefaultImageSearchRepository.swift */,
				FCCD76D92F680CA50081FC81 /* DiefaultBookmarkRepository.swift */,
			);
			path = Repository;
			sourceTree = "<group>";
		};
		FCCD76D42F680C750081FC81 /* Storage */ = {
			isa = PBXGroup;
			children = (
				FCCD76DB2F680CB20081FC81 /* BookmarkStorage.swift */,
			);
			path = Storage;
			sourceTree = "<group>";
		};
		FCCD76DE2F680CE20081FC81 /* Presentation */ = {
			isa = PBXGroup;
			children = (
				FCCD76DF2F680D000081FC81 /* Main */,
			);
			path = Presentation;
			sourceTree = "<group>";
		};
		FCCD76DF2F680D000081FC81 /* Main */ = {
			isa = PBXGroup;
			children = (
			);
			path = Main;
			sourceTree = "<group>";
		};
		FCCD76E32F680D710081FC81 /* Entity */ = {
			isa = PBXGroup;
			children = (
				FCCD76E22F680D710081FC81 /* ImageItem.swift */,
			);
			path = Entity;
			sourceTree = "<group>";
		};
		FCCD76E62F680D710081FC81 /* Repository */ = {
			isa = PBXGroup;
			children = (
				FCCD76E42F680D710081FC81 /* BookmarkRepository.swift */,
				FCCD76E52F680D710081FC81 /* ImageSearchRepository.swift */,
			);
			path = Repository;
			sourceTree = "<group>";
		};
		FCCD76E92F680D710081FC81 /* UseCase */ = {
			isa = PBXGroup;
			children = (
				FCCD76E72F680D710081FC81 /* ManageBookmarkUseCase.swift */,
				FCCD76E82F680D710081FC81 /* SearchImageUseCase.swift */,
			);
			path = UseCase;
			sourceTree = "<group>";
		};
		FCCD76EA2F680D710081FC81 /* Domain */ = {
			isa = PBXGroup;
			children = (
				FCCD76E32F680D710081FC81 /* Entity */,
				FCCD76E62F680D710081FC81 /* Repository */,
				FCCD76E92F680D710081FC81 /* UseCase */,
			);
			path = Domain;
			sourceTree = "<group>";
		};
		FCCD76F12F680D860081FC81 /* DI */ = {
			isa = PBXGroup;
			children = (
				FCCD76F02F680D860081FC81 /* DIContainer.swift */,
			);
			path = DI;
			sourceTree = "<group>";
		};
		FCCD76F22F680D860081FC81 /* Extensions */ = {
			isa = PBXGroup;
			children = (
			);
			path = Extensions;
			sourceTree = "<group>";
		};
		FCCD76F62F680D860081FC81 /* ImageLoader */ = {
			isa = PBXGroup;
			children = (
				FCCD76F32F680D860081FC81 /* CachedAsyncImage.swift */,
				FCCD76F42F680D860081FC81 /* ImageCache.swift */,
				FCCD76F52F680D860081FC81 /* ImageDownloader.swift */,
			);
			path = ImageLoader;
			sourceTree = "<group>";
		};
		FCCD76FA2F680D860081FC81 /* Network */ = {
			isa = PBXGroup;
			children = (
				FCCD76F72F680D860081FC81 /* APIEndpoint.swift */,
				FCCD76F82F680D860081FC81 /* NetworkError.swift */,
				FCCD76F92F680D860081FC81 /* NetworkService.swift */,
			);
			path = Network;
			sourceTree = "<group>";
		};
		FCCD76FB2F680D860081FC81 /* Core */ = {
			isa = PBXGroup;
			children = (
				FC1E89F42F681C9F008CAC25 /* L10n.swift */,
				FCCD76F12F680D860081FC81 /* DI */,
				FCCD76F22F680D860081FC81 /* Extensions */,
				FCCD76F62F680D860081FC81 /* ImageLoader */,
				FCCD76FA2F680D860081FC81 /* Network */,
			);
			path = Core;
			sourceTree = "<group>";
		};
		FCCD77042F680D9B0081FC81 /* App */ = {
			isa = PBXGroup;
			children = (
				FCCD77032F680D9B0081FC81 /* KakaoImageSearchApp.swift */,
			);
			path = App;
			sourceTree = "<group>";
		};
		FCCD770F2F680E070081FC81 /* KakaoImageSearch */ = {
			isa = PBXGroup;
			children = (
				FCCD77062F680E070081FC81 /* AppDelegate.swift */,
				FCCD77072F680E070081FC81 /* Assets.xcassets */,
				FCCD77082F680E070081FC81 /* Info.plist */,
				FCCD770A2F680E070081FC81 /* LaunchScreen.storyboard */,
				FCCD770C2F680E070081FC81 /* Main.storyboard */,
				FCCD770D2F680E070081FC81 /* SceneDelegate.swift */,
				FCCD770E2F680E070081FC81 /* ViewController.swift */,
				FC1E89F62F681CC2008CAC25 /* Localizable.xcstrings */,
			);
			path = KakaoImageSearch;
			sourceTree = "<group>";
		};
/* End PBXGroup section */

/* Begin PBXNativeTarget section */
		FCCD766B2F680A840081FC81 /* KakaoImageSearch */ = {
			isa = PBXNativeTarget;
			buildConfigurationList = FCCD76952F680A850081FC81 /* Build configuration list for PBXNativeTarget "KakaoImageSearch" */;
			buildPhases = (
				FCCD76682F680A840081FC81 /* Sources */,
				FCCD76692F680A840081FC81 /* Frameworks */,
				FCCD766A2F680A840081FC81 /* Resources */,
			);
			buildRules = (
			);
			dependencies = (
			);
			name = KakaoImageSearch;
			packageProductDependencies = (
			);
			productName = KakaoImageSearch;
			productReference = FCCD766C2F680A840081FC81 /* KakaoImageSearch.app */;
			productType = "com.apple.product-type.application";
		};
		FCCD76812F680A850081FC81 /* KakaoImageSearchTests */ = {
			isa = PBXNativeTarget;
			buildConfigurationList = FCCD769A2F680A850081FC81 /* Build configuration list for PBXNativeTarget "KakaoImageSearchTests" */;
			buildPhases = (
				FCCD767E2F680A850081FC81 /* Sources */,
				FCCD767F2F680A850081FC81 /* Frameworks */,
				FCCD76802F680A850081FC81 /* Resources */,
			);
			buildRules = (
			);
			dependencies = (
				FCCD76842F680A850081FC81 /* PBXTargetDependency */,
			);
			fileSystemSynchronizedGroups = (
				FCCD76852F680A850081FC81 /* KakaoImageSearchTests */,
			);
			name = KakaoImageSearchTests;
			packageProductDependencies = (
			);
			productName = KakaoImageSearchTests;
			productReference = FCCD76822F680A850081FC81 /* KakaoImageSearchTests.xctest */;
			productType = "com.apple.product-type.bundle.unit-test";
		};
		FCCD768B2F680A850081FC81 /* KakaoImageSearchUITests */ = {
			isa = PBXNativeTarget;
			buildConfigurationList = FCCD769D2F680A850081FC81 /* Build configuration list for PBXNativeTarget "KakaoImageSearchUITests" */;
			buildPhases = (
				FCCD76882F680A850081FC81 /* Sources */,
				FCCD76892F680A850081FC81 /* Frameworks */,
				FCCD768A2F680A850081FC81 /* Resources */,
			);
			buildRules = (
			);
			dependencies = (
				FCCD768E2F680A850081FC81 /* PBXTargetDependency */,
			);
			fileSystemSynchronizedGroups = (
				FCCD768F2F680A850081FC81 /* KakaoImageSearchUITests */,
			);
			name = KakaoImageSearchUITests;
			packageProductDependencies = (
			);
			productName = KakaoImageSearchUITests;
			productReference = FCCD768C2F680A850081FC81 /* KakaoImageSearchUITests.xctest */;
			productType = "com.apple.product-type.bundle.ui-testing";
		};
/* End PBXNativeTarget section */

/* Begin PBXProject section */
		FCCD76642F680A840081FC81 /* Project object */ = {
			isa = PBXProject;
			attributes = {
				BuildIndependentTargetsInParallel = 1;
				LastSwiftUpdateCheck = 2620;
				LastUpgradeCheck = 2620;
				TargetAttributes = {
					FCCD766B2F680A840081FC81 = {
						CreatedOnToolsVersion = 26.2;
					};
					FCCD76812F680A850081FC81 = {
						CreatedOnToolsVersion = 26.2;
						TestTargetID = FCCD766B2F680A840081FC81;
					};
					FCCD768B2F680A850081FC81 = {
						CreatedOnToolsVersion = 26.2;
						TestTargetID = FCCD766B2F680A840081FC81;
					};
				};
			};
			buildConfigurationList = FCCD76672F680A840081FC81 /* Build configuration list for PBXProject "KakaoImageSearch" */;
			developmentRegion = en;
			hasScannedForEncodings = 0;
			knownRegions = (
				en,
				Base,
			);
			mainGroup = FCCD76632F680A840081FC81;
			minimizedProjectReferenceProxies = 1;
			preferredProjectObjectVersion = 77;
			productRefGroup = FCCD766D2F680A840081FC81 /* Products */;
			projectDirPath = "";
			projectRoot = "";
			targets = (
				FCCD766B2F680A840081FC81 /* KakaoImageSearch */,
				FCCD76812F680A850081FC81 /* KakaoImageSearchTests */,
				FCCD768B2F680A850081FC81 /* KakaoImageSearchUITests */,
			);
		};
/* End PBXProject section */

/* Begin PBXResourcesBuildPhase section */
		FCCD766A2F680A840081FC81 /* Resources */ = {
			isa = PBXResourcesBuildPhase;
			buildActionMask = 2147483647;
			files = (
				FCCD77272F6818530081FC81 /* Main.storyboard in Resources */,
				FCCD77282F68185E0081FC81 /* LaunchScreen.storyboard in Resources */,
				FC1E89F72F681CC2008CAC25 /* Localizable.xcstrings in Resources */,
				FCCD772A2F68186F0081FC81 /* Assets.xcassets in Resources */,
			);
			runOnlyForDeploymentPostprocessing = 0;
		};
		FCCD76802F680A850081FC81 /* Resources */ = {
			isa = PBXResourcesBuildPhase;
			buildActionMask = 2147483647;
			files = (
			);
			runOnlyForDeploymentPostprocessing = 0;
		};
		FCCD768A2F680A850081FC81 /* Resources */ = {
			isa = PBXResourcesBuildPhase;
			buildActionMask = 2147483647;
			files = (
			);
			runOnlyForDeploymentPostprocessing = 0;
		};
/* End PBXResourcesBuildPhase section */

/* Begin PBXSourcesBuildPhase section */
		FCCD76682F680A840081FC81 /* Sources */ = {
			isa = PBXSourcesBuildPhase;
			buildActionMask = 2147483647;
			files = (
				FCCD76D62F680C880081FC81 /* KakaoSearchResponseDTO.swift in Sources */,
				FCCD77252F6818370081FC81 /* ViewController.swift in Sources */,
				FCCD76D82F680C970081FC81 /* DefaultImageSearchRepository.swift in Sources */,
				FCCD76FC2F680D860081FC81 /* NetworkService.swift in Sources */,
				FCCD76FD2F680D860081FC81 /* DIContainer.swift in Sources */,
				FCCD76FE2F680D860081FC81 /* ImageCache.swift in Sources */,
				FCCD76FF2F680D860081FC81 /* ImageDownloader.swift in Sources */,
				FC1E89FC2F6823DE008CAC25 /* KakaoAPIKey.swift in Sources */,
				FCCD77002F680D860081FC81 /* NetworkError.swift in Sources */,
				FCCD77012F680D860081FC81 /* CachedAsyncImage.swift in Sources */,
				FCCD77022F680D860081FC81 /* APIEndpoint.swift in Sources */,
				FCCD76DA2F680CA50081FC81 /* DiefaultBookmarkRepository.swift in Sources */,
				FC1E89F52F681C9F008CAC25 /* L10n.swift in Sources */,
				FCCD76EB2F680D710081FC81 /* BookmarkRepository.swift in Sources */,
				FCCD76EC2F680D710081FC81 /* ImageItem.swift in Sources */,
				FC1E89FA2F68236A008CAC25 /* KakaoImageSearchEndpoint.swift in Sources */,
				FCCD77052F680D9B0081FC81 /* KakaoImageSearchApp.swift in Sources */,
				FCCD77262F68183F0081FC81 /* SceneDelegate.swift in Sources */,
				FCCD76ED2F680D710081FC81 /* SearchImageUseCase.swift in Sources */,
				FCCD76EE2F680D710081FC81 /* ManageBookmarkUseCase.swift in Sources */,
				FCCD772B2F6818750081FC81 /* AppDelegate.swift in Sources */,
				FCCD76EF2F680D710081FC81 /* ImageSearchRepository.swift in Sources */,
				FCCD76DC2F680CB20081FC81 /* BookmarkStorage.swift in Sources */,
			);
			runOnlyForDeploymentPostprocessing = 0;
		};
		FCCD767E2F680A850081FC81 /* Sources */ = {
			isa = PBXSourcesBuildPhase;
			buildActionMask = 2147483647;
			files = (
			);
			runOnlyForDeploymentPostprocessing = 0;
		};
		FCCD76882F680A850081FC81 /* Sources */ = {
			isa = PBXSourcesBuildPhase;
			buildActionMask = 2147483647;
			files = (
			);
			runOnlyForDeploymentPostprocessing = 0;
		};
/* End PBXSourcesBuildPhase section */

/* Begin PBXTargetDependency section */
		FCCD76842F680A850081FC81 /* PBXTargetDependency */ = {
			isa = PBXTargetDependency;
			target = FCCD766B2F680A840081FC81 /* KakaoImageSearch */;
			targetProxy = FCCD76832F680A850081FC81 /* PBXContainerItemProxy */;
		};
		FCCD768E2F680A850081FC81 /* PBXTargetDependency */ = {
			isa = PBXTargetDependency;
			target = FCCD766B2F680A840081FC81 /* KakaoImageSearch */;
			targetProxy = FCCD768D2F680A850081FC81 /* PBXContainerItemProxy */;
		};
/* End PBXTargetDependency section */

/* Begin PBXVariantGroup section */
		FCCD770A2F680E070081FC81 /* LaunchScreen.storyboard */ = {
			isa = PBXVariantGroup;
			children = (
				FCCD77092F680E070081FC81 /* Base */,
			);
			name = LaunchScreen.storyboard;
			sourceTree = "<group>";
		};
		FCCD770C2F680E070081FC81 /* Main.storyboard */ = {
			isa = PBXVariantGroup;
			children = (
				FCCD770B2F680E070081FC81 /* Base */,
			);
			name = Main.storyboard;
			sourceTree = "<group>";
		};
/* End PBXVariantGroup section */

/* Begin XCBuildConfiguration section */
		FCCD76962F680A850081FC81 /* Debug */ = {
			isa = XCBuildConfiguration;
			buildSettings = {
				ASSETCATALOG_COMPILER_APPICON_NAME = AppIcon;
				ASSETCATALOG_COMPILER_GLOBAL_ACCENT_COLOR_NAME = AccentColor;
				CODE_SIGN_STYLE = Automatic;
				CURRENT_PROJECT_VERSION = 1;
				DEVELOPMENT_TEAM = 58P2TR7FR9;
				GENERATE_INFOPLIST_FILE = YES;
				INFOPLIST_FILE = KakaoImageSearch/Info.plist;
				INFOPLIST_KEY_LSApplicationCategoryType = "public.app-category.photography";
				INFOPLIST_KEY_UIApplicationSupportsIndirectInputEvents = YES;
				INFOPLIST_KEY_UILaunchStoryboardName = LaunchScreen;
				INFOPLIST_KEY_UIMainStoryboardFile = Main;
				INFOPLIST_KEY_UISupportedInterfaceOrientations_iPad = "UIInterfaceOrientationPortrait UIInterfaceOrientationPortraitUpsideDown UIInterfaceOrientationLandscapeLeft UIInterfaceOrientationLandscapeRight";
				INFOPLIST_KEY_UISupportedInterfaceOrientations_iPhone = "UIInterfaceOrientationPortrait UIInterfaceOrientationLandscapeLeft UIInterfaceOrientationLandscapeRight";
				IPHONEOS_DEPLOYMENT_TARGET = 17.0;
				LD_RUNPATH_SEARCH_PATHS = (
					"$(inherited)",
					"@executable_path/Frameworks",
				);
				MARKETING_VERSION = 1.0;
				PRODUCT_BUNDLE_IDENTIFIER = com.start.KakaoImageSearch;
				PRODUCT_NAME = "$(TARGET_NAME)";
				STRING_CATALOG_GENERATE_SYMBOLS = YES;
				SWIFT_APPROACHABLE_CONCURRENCY = YES;
				SWIFT_DEFAULT_ACTOR_ISOLATION = MainActor;
				SWIFT_EMIT_LOC_STRINGS = YES;
				SWIFT_UPCOMING_FEATURE_MEMBER_IMPORT_VISIBILITY = YES;
				SWIFT_VERSION = 6.0;
				TARGETED_DEVICE_FAMILY = "1,2";
			};
			name = Debug;
		};
		FCCD76972F680A850081FC81 /* Release */ = {
			isa = XCBuildConfiguration;
			buildSettings = {
				ASSETCATALOG_COMPILER_APPICON_NAME = AppIcon;
				ASSETCATALOG_COMPILER_GLOBAL_ACCENT_COLOR_NAME = AccentColor;
				CODE_SIGN_STYLE = Automatic;
				CURRENT_PROJECT_VERSION = 1;
				DEVELOPMENT_TEAM = 58P2TR7FR9;
				GENERATE_INFOPLIST_FILE = YES;
				INFOPLIST_FILE = KakaoImageSearch/Info.plist;
				INFOPLIST_KEY_LSApplicationCategoryType = "public.app-category.photography";
				INFOPLIST_KEY_UIApplicationSupportsIndirectInputEvents = YES;
				INFOPLIST_KEY_UILaunchStoryboardName = LaunchScreen;
				INFOPLIST_KEY_UIMainStoryboardFile = Main;
				INFOPLIST_KEY_UISupportedInterfaceOrientations_iPad = "UIInterfaceOrientationPortrait UIInterfaceOrientationPortraitUpsideDown UIInterfaceOrientationLandscapeLeft UIInterfaceOrientationLandscapeRight";
				INFOPLIST_KEY_UISupportedInterfaceOrientations_iPhone = "UIInterfaceOrientationPortrait UIInterfaceOrientationLandscapeLeft UIInterfaceOrientationLandscapeRight";
				IPHONEOS_DEPLOYMENT_TARGET = 17.0;
				LD_RUNPATH_SEARCH_PATHS = (
					"$(inherited)",
					"@executable_path/Frameworks",
				);
				MARKETING_VERSION = 1.0;
				PRODUCT_BUNDLE_IDENTIFIER = com.start.KakaoImageSearch;
				PRODUCT_NAME = "$(TARGET_NAME)";
				STRING_CATALOG_GENERATE_SYMBOLS = YES;
				SWIFT_APPROACHABLE_CONCURRENCY = YES;
				SWIFT_DEFAULT_ACTOR_ISOLATION = MainActor;
				SWIFT_EMIT_LOC_STRINGS = YES;
				SWIFT_UPCOMING_FEATURE_MEMBER_IMPORT_VISIBILITY = YES;
				SWIFT_VERSION = 6.0;
				TARGETED_DEVICE_FAMILY = "1,2";
			};
			name = Release;
		};
		FCCD76982F680A850081FC81 /* Debug */ = {
			isa = XCBuildConfiguration;
			buildSettings = {
				ALWAYS_SEARCH_USER_PATHS = NO;
				ASSETCATALOG_COMPILER_GENERATE_SWIFT_ASSET_SYMBOL_EXTENSIONS = YES;
				CLANG_ANALYZER_NONNULL = YES;
				CLANG_ANALYZER_NUMBER_OBJECT_CONVERSION = YES_AGGRESSIVE;
				CLANG_CXX_LANGUAGE_STANDARD = "gnu++20";
				CLANG_ENABLE_MODULES = YES;
				CLANG_ENABLE_OBJC_ARC = YES;
				CLANG_ENABLE_OBJC_WEAK = YES;
				CLANG_WARN_BLOCK_CAPTURE_AUTORELEASING = YES;
				CLANG_WARN_BOOL_CONVERSION = YES;
				CLANG_WARN_COMMA = YES;
				CLANG_WARN_CONSTANT_CONVERSION = YES;
				CLANG_WARN_DEPRECATED_OBJC_IMPLEMENTATIONS = YES;
				CLANG_WARN_DIRECT_OBJC_ISA_USAGE = YES_ERROR;
				CLANG_WARN_DOCUMENTATION_COMMENTS = YES;
				CLANG_WARN_EMPTY_BODY = YES;
				CLANG_WARN_ENUM_CONVERSION = YES;
				CLANG_WARN_INFINITE_RECURSION = YES;
				CLANG_WARN_INT_CONVERSION = YES;
				CLANG_WARN_NON_LITERAL_NULL_CONVERSION = YES;
				CLANG_WARN_OBJC_IMPLICIT_RETAIN_SELF = YES;
				CLANG_WARN_OBJC_LITERAL_CONVERSION = YES;
				CLANG_WARN_OBJC_ROOT_CLASS = YES_ERROR;
				CLANG_WARN_QUOTED_INCLUDE_IN_FRAMEWORK_HEADER = YES;
				CLANG_WARN_RANGE_LOOP_ANALYSIS = YES;
				CLANG_WARN_STRICT_PROTOTYPES = YES;
				CLANG_WARN_SUSPICIOUS_MOVE = YES;
				CLANG_WARN_UNGUARDED_AVAILABILITY = YES_AGGRESSIVE;
				CLANG_WARN_UNREACHABLE_CODE = YES;
				CLANG_WARN__DUPLICATE_METHOD_MATCH = YES;
				COPY_PHASE_STRIP = NO;
				DEBUG_INFORMATION_FORMAT = dwarf;
				DEVELOPMENT_TEAM = 58P2TR7FR9;
				ENABLE_STRICT_OBJC_MSGSEND = YES;
				ENABLE_TESTABILITY = YES;
				ENABLE_USER_SCRIPT_SANDBOXING = YES;
				GCC_C_LANGUAGE_STANDARD = gnu17;
				GCC_DYNAMIC_NO_PIC = NO;
				GCC_NO_COMMON_BLOCKS = YES;
				GCC_OPTIMIZATION_LEVEL = 0;
				GCC_PREPROCESSOR_DEFINITIONS = (
					"DEBUG=1",
					"$(inherited)",
				);
				GCC_WARN_64_TO_32_BIT_CONVERSION = YES;
				GCC_WARN_ABOUT_RETURN_TYPE = YES_ERROR;
				GCC_WARN_UNDECLARED_SELECTOR = YES;
				GCC_WARN_UNINITIALIZED_AUTOS = YES_AGGRESSIVE;
				GCC_WARN_UNUSED_FUNCTION = YES;
				GCC_WARN_UNUSED_VARIABLE = YES;
				IPHONEOS_DEPLOYMENT_TARGET = 26.2;
				LOCALIZATION_PREFERS_STRING_CATALOGS = YES;
				MTL_ENABLE_DEBUG_INFO = INCLUDE_SOURCE;
				MTL_FAST_MATH = YES;
				ONLY_ACTIVE_ARCH = YES;
				SDKROOT = iphoneos;
				SWIFT_ACTIVE_COMPILATION_CONDITIONS = "DEBUG $(inherited)";
				SWIFT_OPTIMIZATION_LEVEL = "-Onone";
			};
			name = Debug;
		};
		FCCD76992F680A850081FC81 /* Release */ = {
			isa = XCBuildConfiguration;
			buildSettings = {
				ALWAYS_SEARCH_USER_PATHS = NO;
				ASSETCATALOG_COMPILER_GENERATE_SWIFT_ASSET_SYMBOL_EXTENSIONS = YES;
				CLANG_ANALYZER_NONNULL = YES;
				CLANG_ANALYZER_NUMBER_OBJECT_CONVERSION = YES_AGGRESSIVE;
				CLANG_CXX_LANGUAGE_STANDARD = "gnu++20";
				CLANG_ENABLE_MODULES = YES;
				CLANG_ENABLE_OBJC_ARC = YES;
				CLANG_ENABLE_OBJC_WEAK = YES;
				CLANG_WARN_BLOCK_CAPTURE_AUTORELEASING = YES;
				CLANG_WARN_BOOL_CONVERSION = YES;
				CLANG_WARN_COMMA = YES;
				CLANG_WARN_CONSTANT_CONVERSION = YES;
				CLANG_WARN_DEPRECATED_OBJC_IMPLEMENTATIONS = YES;
				CLANG_WARN_DIRECT_OBJC_ISA_USAGE = YES_ERROR;
				CLANG_WARN_DOCUMENTATION_COMMENTS = YES;
				CLANG_WARN_EMPTY_BODY = YES;
				CLANG_WARN_ENUM_CONVERSION = YES;
				CLANG_WARN_INFINITE_RECURSION = YES;
				CLANG_WARN_INT_CONVERSION = YES;
				CLANG_WARN_NON_LITERAL_NULL_CONVERSION = YES;
				CLANG_WARN_OBJC_IMPLICIT_RETAIN_SELF = YES;
				CLANG_WARN_OBJC_LITERAL_CONVERSION = YES;
				CLANG_WARN_OBJC_ROOT_CLASS = YES_ERROR;
				CLANG_WARN_QUOTED_INCLUDE_IN_FRAMEWORK_HEADER = YES;
				CLANG_WARN_RANGE_LOOP_ANALYSIS = YES;
				CLANG_WARN_STRICT_PROTOTYPES = YES;
				CLANG_WARN_SUSPICIOUS_MOVE = YES;
				CLANG_WARN_UNGUARDED_AVAILABILITY = YES_AGGRESSIVE;
				CLANG_WARN_UNREACHABLE_CODE = YES;
				CLANG_WARN__DUPLICATE_METHOD_MATCH = YES;
				COPY_PHASE_STRIP = NO;
				DEBUG_INFORMATION_FORMAT = "dwarf-with-dsym";
				DEVELOPMENT_TEAM = 58P2TR7FR9;
				ENABLE_NS_ASSERTIONS = NO;
				ENABLE_STRICT_OBJC_MSGSEND = YES;
				ENABLE_USER_SCRIPT_SANDBOXING = YES;
				GCC_C_LANGUAGE_STANDARD = gnu17;
				GCC_NO_COMMON_BLOCKS = YES;
				GCC_WARN_64_TO_32_BIT_CONVERSION = YES;
				GCC_WARN_ABOUT_RETURN_TYPE = YES_ERROR;
				GCC_WARN_UNDECLARED_SELECTOR = YES;
				GCC_WARN_UNINITIALIZED_AUTOS = YES_AGGRESSIVE;
				GCC_WARN_UNUSED_FUNCTION = YES;
				GCC_WARN_UNUSED_VARIABLE = YES;
				IPHONEOS_DEPLOYMENT_TARGET = 26.2;
				LOCALIZATION_PREFERS_STRING_CATALOGS = YES;
				MTL_ENABLE_DEBUG_INFO = NO;
				MTL_FAST_MATH = YES;
				SDKROOT = iphoneos;
				SWIFT_COMPILATION_MODE = wholemodule;
				VALIDATE_PRODUCT = YES;
			};
			name = Release;
		};
		FCCD769B2F680A850081FC81 /* Debug */ = {
			isa = XCBuildConfiguration;
			buildSettings = {
				BUNDLE_LOADER = "$(TEST_HOST)";
				CODE_SIGN_STYLE = Automatic;
				CURRENT_PROJECT_VERSION = 1;
				DEVELOPMENT_TEAM = 58P2TR7FR9;
				GENERATE_INFOPLIST_FILE = YES;
				IPHONEOS_DEPLOYMENT_TARGET = 26.2;
				MARKETING_VERSION = 1.0;
				PRODUCT_BUNDLE_IDENTIFIER = com.start.KakaoImageSearchTests;
				PRODUCT_NAME = "$(TARGET_NAME)";
				STRING_CATALOG_GENERATE_SYMBOLS = NO;
				SWIFT_APPROACHABLE_CONCURRENCY = YES;
				SWIFT_EMIT_LOC_STRINGS = NO;
				SWIFT_UPCOMING_FEATURE_MEMBER_IMPORT_VISIBILITY = YES;
				SWIFT_VERSION = 6.0;
				TARGETED_DEVICE_FAMILY = "1,2";
				TEST_HOST = "$(BUILT_PRODUCTS_DIR)/KakaoImageSearch.app/$(BUNDLE_EXECUTABLE_FOLDER_PATH)/KakaoImageSearch";
			};
			name = Debug;
		};
		FCCD769C2F680A850081FC81 /* Release */ = {
			isa = XCBuildConfiguration;
			buildSettings = {
				BUNDLE_LOADER = "$(TEST_HOST)";
				CODE_SIGN_STYLE = Automatic;
				CURRENT_PROJECT_VERSION = 1;
				DEVELOPMENT_TEAM = 58P2TR7FR9;
				GENERATE_INFOPLIST_FILE = YES;
				IPHONEOS_DEPLOYMENT_TARGET = 26.2;
				MARKETING_VERSION = 1.0;
				PRODUCT_BUNDLE_IDENTIFIER = com.start.KakaoImageSearchTests;
				PRODUCT_NAME = "$(TARGET_NAME)";
				STRING_CATALOG_GENERATE_SYMBOLS = NO;
				SWIFT_APPROACHABLE_CONCURRENCY = YES;
				SWIFT_EMIT_LOC_STRINGS = NO;
				SWIFT_UPCOMING_FEATURE_MEMBER_IMPORT_VISIBILITY = YES;
				SWIFT_VERSION = 6.0;
				TARGETED_DEVICE_FAMILY = "1,2";
				TEST_HOST = "$(BUILT_PRODUCTS_DIR)/KakaoImageSearch.app/$(BUNDLE_EXECUTABLE_FOLDER_PATH)/KakaoImageSearch";
			};
			name = Release;
		};
		FCCD769E2F680A850081FC81 /* Debug */ = {
			isa = XCBuildConfiguration;
			buildSettings = {
				CODE_SIGN_STYLE = Automatic;
				CURRENT_PROJECT_VERSION = 1;
				DEVELOPMENT_TEAM = 58P2TR7FR9;
				GENERATE_INFOPLIST_FILE = YES;
				MARKETING_VERSION = 1.0;
				PRODUCT_BUNDLE_IDENTIFIER = com.start.KakaoImageSearchUITests;
				PRODUCT_NAME = "$(TARGET_NAME)";
				STRING_CATALOG_GENERATE_SYMBOLS = NO;
				SWIFT_APPROACHABLE_CONCURRENCY = YES;
				SWIFT_EMIT_LOC_STRINGS = NO;
				SWIFT_UPCOMING_FEATURE_MEMBER_IMPORT_VISIBILITY = YES;
				SWIFT_VERSION = 6.0;
				TARGETED_DEVICE_FAMILY = "1,2";
				TEST_TARGET_NAME = KakaoImageSearch;
			};
			name = Debug;
		};
		FCCD769F2F680A850081FC81 /* Release */ = {
			isa = XCBuildConfiguration;
			buildSettings = {
				CODE_SIGN_STYLE = Automatic;
				CURRENT_PROJECT_VERSION = 1;
				DEVELOPMENT_TEAM = 58P2TR7FR9;
				GENERATE_INFOPLIST_FILE = YES;
				MARKETING_VERSION = 1.0;
				PRODUCT_BUNDLE_IDENTIFIER = com.start.KakaoImageSearchUITests;
				PRODUCT_NAME = "$(TARGET_NAME)";
				STRING_CATALOG_GENERATE_SYMBOLS = NO;
				SWIFT_APPROACHABLE_CONCURRENCY = YES;
				SWIFT_EMIT_LOC_STRINGS = NO;
				SWIFT_UPCOMING_FEATURE_MEMBER_IMPORT_VISIBILITY = YES;
				SWIFT_VERSION = 6.0;
				TARGETED_DEVICE_FAMILY = "1,2";
				TEST_TARGET_NAME = KakaoImageSearch;
			};
			name = Release;
		};
/* End XCBuildConfiguration section */

/* Begin XCConfigurationList section */
		FCCD76672F680A840081FC81 /* Build configuration list for PBXProject "KakaoImageSearch" */ = {
			isa = XCConfigurationList;
			buildConfigurations = (
				FCCD76982F680A850081FC81 /* Debug */,
				FCCD76992F680A850081FC81 /* Release */,
			);
			defaultConfigurationIsVisible = 0;
			defaultConfigurationName = Release;
		};
		FCCD76952F680A850081FC81 /* Build configuration list for PBXNativeTarget "KakaoImageSearch" */ = {
			isa = XCConfigurationList;
			buildConfigurations = (
				FCCD76962F680A850081FC81 /* Debug */,
				FCCD76972F680A850081FC81 /* Release */,
			);
			defaultConfigurationIsVisible = 0;
			defaultConfigurationName = Release;
		};
		FCCD769A2F680A850081FC81 /* Build configuration list for PBXNativeTarget "KakaoImageSearchTests" */ = {
			isa = XCConfigurationList;
			buildConfigurations = (
				FCCD769B2F680A850081FC81 /* Debug */,
				FCCD769C2F680A850081FC81 /* Release */,
			);
			defaultConfigurationIsVisible = 0;
			defaultConfigurationName = Release;
		};
		FCCD769D2F680A850081FC81 /* Build configuration list for PBXNativeTarget "KakaoImageSearchUITests" */ = {
			isa = XCConfigurationList;
			buildConfigurations = (
				FCCD769E2F680A850081FC81 /* Debug */,
				FCCD769F2F680A850081FC81 /* Release */,
			);
			defaultConfigurationIsVisible = 0;
			defaultConfigurationName = Release;
		};
/* End XCConfigurationList section */
	};
	rootObject = FCCD76642F680A840081FC81 /* Project object */;
}
